// !$*UTF8*$!
{
	archiveVersion = 1;
	classes = {
	};
	objectVersion = 46;
	objects = {

/* Begin PBXBuildFile section */
		3A0A0D4F1D3D180300A1608C /* JMCompoundValueTransformer.swift in Sources */ = {isa = PBXBuildFile; fileRef = 3A0A0CDD1D3D180300A1608C /* JMCompoundValueTransformer.swift */; };
		3A0A0D501D3D180300A1608C /* JMCompoundValueTransformer.swift in Sources */ = {isa = PBXBuildFile; fileRef = 3A0A0CDD1D3D180300A1608C /* JMCompoundValueTransformer.swift */; };
		3A0A0D521D3D180300A1608C /* JSONModelKit.swift in Sources */ = {isa = PBXBuildFile; fileRef = 3A0A0CDE1D3D180300A1608C /* JSONModelKit.swift */; };
		3A0A0D531D3D180300A1608C /* JSONModelKit.swift in Sources */ = {isa = PBXBuildFile; fileRef = 3A0A0CDE1D3D180300A1608C /* JSONModelKit.swift */; };
		3A0A0D551D3D180300A1608C /* CollectionParser.swift in Sources */ = {isa = PBXBuildFile; fileRef = 3A0A0CE01D3D180300A1608C /* CollectionParser.swift */; };
		3A0A0D561D3D180300A1608C /* CollectionParser.swift in Sources */ = {isa = PBXBuildFile; fileRef = 3A0A0CE01D3D180300A1608C /* CollectionParser.swift */; };
		3A0A0D581D3D180300A1608C /* ComplexTypeParser.swift in Sources */ = {isa = PBXBuildFile; fileRef = 3A0A0CE11D3D180300A1608C /* ComplexTypeParser.swift */; };
		3A0A0D591D3D180300A1608C /* ComplexTypeParser.swift in Sources */ = {isa = PBXBuildFile; fileRef = 3A0A0CE11D3D180300A1608C /* ComplexTypeParser.swift */; };
		3A0A0D5B1D3D180300A1608C /* ComplexValueArrayParser.swift in Sources */ = {isa = PBXBuildFile; fileRef = 3A0A0CE21D3D180300A1608C /* ComplexValueArrayParser.swift */; };
		3A0A0D5C1D3D180300A1608C /* ComplexValueArrayParser.swift in Sources */ = {isa = PBXBuildFile; fileRef = 3A0A0CE21D3D180300A1608C /* ComplexValueArrayParser.swift */; };
		3A0A0D5E1D3D180300A1608C /* ComplexValueDictionaryParser.swift in Sources */ = {isa = PBXBuildFile; fileRef = 3A0A0CE31D3D180300A1608C /* ComplexValueDictionaryParser.swift */; };
		3A0A0D5F1D3D180300A1608C /* ComplexValueDictionaryParser.swift in Sources */ = {isa = PBXBuildFile; fileRef = 3A0A0CE31D3D180300A1608C /* ComplexValueDictionaryParser.swift */; };
		3A0A0D611D3D180300A1608C /* NativeTypeParser.swift in Sources */ = {isa = PBXBuildFile; fileRef = 3A0A0CE41D3D180300A1608C /* NativeTypeParser.swift */; };
		3A0A0D621D3D180300A1608C /* NativeTypeParser.swift in Sources */ = {isa = PBXBuildFile; fileRef = 3A0A0CE41D3D180300A1608C /* NativeTypeParser.swift */; };
		3A0A0D641D3D180300A1608C /* NativeValueArrayParser.swift in Sources */ = {isa = PBXBuildFile; fileRef = 3A0A0CE51D3D180300A1608C /* NativeValueArrayParser.swift */; };
		3A0A0D651D3D180300A1608C /* NativeValueArrayParser.swift in Sources */ = {isa = PBXBuildFile; fileRef = 3A0A0CE51D3D180300A1608C /* NativeValueArrayParser.swift */; };
		3A0A0D671D3D180300A1608C /* NativeValueDictionaryParser.swift in Sources */ = {isa = PBXBuildFile; fileRef = 3A0A0CE61D3D180300A1608C /* NativeValueDictionaryParser.swift */; };
		3A0A0D681D3D180300A1608C /* NativeValueDictionaryParser.swift in Sources */ = {isa = PBXBuildFile; fileRef = 3A0A0CE61D3D180300A1608C /* NativeValueDictionaryParser.swift */; };
		3A0A0D6A1D3D180300A1608C /* Parser.swift in Sources */ = {isa = PBXBuildFile; fileRef = 3A0A0CE71D3D180300A1608C /* Parser.swift */; };
		3A0A0D6B1D3D180300A1608C /* Parser.swift in Sources */ = {isa = PBXBuildFile; fileRef = 3A0A0CE71D3D180300A1608C /* Parser.swift */; };
		3A0A0D6D1D3D180300A1608C /* Transformer.swift in Sources */ = {isa = PBXBuildFile; fileRef = 3A0A0CE91D3D180300A1608C /* Transformer.swift */; };
		3A0A0D6E1D3D180300A1608C /* Transformer.swift in Sources */ = {isa = PBXBuildFile; fileRef = 3A0A0CE91D3D180300A1608C /* Transformer.swift */; };
		3A0A0D701D3D180300A1608C /* Validator.swift in Sources */ = {isa = PBXBuildFile; fileRef = 3A0A0CEB1D3D180300A1608C /* Validator.swift */; };
		3A0A0D711D3D180300A1608C /* Validator.swift in Sources */ = {isa = PBXBuildFile; fileRef = 3A0A0CEB1D3D180300A1608C /* Validator.swift */; };
		3A0A0D731D3D180300A1608C /* constants.py in Resources */ = {isa = PBXBuildFile; fileRef = 3A0A0CED1D3D180300A1608C /* constants.py */; };
		3A0A0D741D3D180300A1608C /* constants.py in Resources */ = {isa = PBXBuildFile; fileRef = 3A0A0CED1D3D180300A1608C /* constants.py */; };
		3A0A0D761D3D180300A1608C /* external_class_template.txt in Resources */ = {isa = PBXBuildFile; fileRef = 3A0A0CEE1D3D180300A1608C /* external_class_template.txt */; };
		3A0A0D771D3D180300A1608C /* external_class_template.txt in Resources */ = {isa = PBXBuildFile; fileRef = 3A0A0CEE1D3D180300A1608C /* external_class_template.txt */; };
		3A0A0D791D3D180300A1608C /* generator.py in Resources */ = {isa = PBXBuildFile; fileRef = 3A0A0CEF1D3D180300A1608C /* generator.py */; };
		3A0A0D7A1D3D180300A1608C /* generator.py in Resources */ = {isa = PBXBuildFile; fileRef = 3A0A0CEF1D3D180300A1608C /* generator.py */; };
		3A0A0D7C1D3D180300A1608C /* instantiator.py in Resources */ = {isa = PBXBuildFile; fileRef = 3A0A0CF01D3D180300A1608C /* instantiator.py */; };
		3A0A0D7D1D3D180300A1608C /* instantiator.py in Resources */ = {isa = PBXBuildFile; fileRef = 3A0A0CF01D3D180300A1608C /* instantiator.py */; };
		3A0A0D7F1D3D180300A1608C /* instantiator_template.txt in Resources */ = {isa = PBXBuildFile; fileRef = 3A0A0CF11D3D180300A1608C /* instantiator_template.txt */; };
		3A0A0D801D3D180300A1608C /* instantiator_template.txt in Resources */ = {isa = PBXBuildFile; fileRef = 3A0A0CF11D3D180300A1608C /* instantiator_template.txt */; };
		3A0A0D821D3D180300A1608C /* internal_class_template.txt in Resources */ = {isa = PBXBuildFile; fileRef = 3A0A0CF21D3D180300A1608C /* internal_class_template.txt */; };
		3A0A0D831D3D180300A1608C /* internal_class_template.txt in Resources */ = {isa = PBXBuildFile; fileRef = 3A0A0CF21D3D180300A1608C /* internal_class_template.txt */; };
		3A0A0D851D3D180300A1608C /* modelgen-swift.py in Resources */ = {isa = PBXBuildFile; fileRef = 3A0A0CF31D3D180300A1608C /* modelgen-swift.py */; };
		3A0A0D861D3D180300A1608C /* modelgen-swift.py in Resources */ = {isa = PBXBuildFile; fileRef = 3A0A0CF31D3D180300A1608C /* modelgen-swift.py */; };
		3A0A0D881D3D180300A1608C /* validator.py in Resources */ = {isa = PBXBuildFile; fileRef = 3A0A0CF41D3D180300A1608C /* validator.py */; };
		3A0A0D891D3D180300A1608C /* validator.py in Resources */ = {isa = PBXBuildFile; fileRef = 3A0A0CF41D3D180300A1608C /* validator.py */; };
		3A0A0D8B1D3D180300A1608C /* _TestObjectEight.swift in Sources */ = {isa = PBXBuildFile; fileRef = 3A0A0CF81D3D180300A1608C /* _TestObjectEight.swift */; };
		3A0A0D8C1D3D180300A1608C /* _TestObjectEight.swift in Sources */ = {isa = PBXBuildFile; fileRef = 3A0A0CF81D3D180300A1608C /* _TestObjectEight.swift */; };
		3A0A0D8E1D3D180300A1608C /* _TestObjectEleven.swift in Sources */ = {isa = PBXBuildFile; fileRef = 3A0A0CF91D3D180300A1608C /* _TestObjectEleven.swift */; };
		3A0A0D8F1D3D180300A1608C /* _TestObjectEleven.swift in Sources */ = {isa = PBXBuildFile; fileRef = 3A0A0CF91D3D180300A1608C /* _TestObjectEleven.swift */; };
		3A0A0D911D3D180300A1608C /* _TestObjectFive.swift in Sources */ = {isa = PBXBuildFile; fileRef = 3A0A0CFA1D3D180300A1608C /* _TestObjectFive.swift */; };
		3A0A0D921D3D180300A1608C /* _TestObjectFive.swift in Sources */ = {isa = PBXBuildFile; fileRef = 3A0A0CFA1D3D180300A1608C /* _TestObjectFive.swift */; };
		3A0A0D941D3D180300A1608C /* _TestObjectFour.swift in Sources */ = {isa = PBXBuildFile; fileRef = 3A0A0CFB1D3D180300A1608C /* _TestObjectFour.swift */; };
		3A0A0D951D3D180300A1608C /* _TestObjectFour.swift in Sources */ = {isa = PBXBuildFile; fileRef = 3A0A0CFB1D3D180300A1608C /* _TestObjectFour.swift */; };
		3A0A0D971D3D180300A1608C /* _TestObjectNine.swift in Sources */ = {isa = PBXBuildFile; fileRef = 3A0A0CFC1D3D180300A1608C /* _TestObjectNine.swift */; };
		3A0A0D981D3D180300A1608C /* _TestObjectNine.swift in Sources */ = {isa = PBXBuildFile; fileRef = 3A0A0CFC1D3D180300A1608C /* _TestObjectNine.swift */; };
		3A0A0D9A1D3D180300A1608C /* _TestObjectSeven.swift in Sources */ = {isa = PBXBuildFile; fileRef = 3A0A0CFD1D3D180300A1608C /* _TestObjectSeven.swift */; };
		3A0A0D9B1D3D180300A1608C /* _TestObjectSeven.swift in Sources */ = {isa = PBXBuildFile; fileRef = 3A0A0CFD1D3D180300A1608C /* _TestObjectSeven.swift */; };
		3A0A0D9D1D3D180300A1608C /* _TestObjectSix.swift in Sources */ = {isa = PBXBuildFile; fileRef = 3A0A0CFE1D3D180300A1608C /* _TestObjectSix.swift */; };
		3A0A0D9E1D3D180300A1608C /* _TestObjectSix.swift in Sources */ = {isa = PBXBuildFile; fileRef = 3A0A0CFE1D3D180300A1608C /* _TestObjectSix.swift */; };
		3A0A0DA01D3D180300A1608C /* _TestObjectTen.swift in Sources */ = {isa = PBXBuildFile; fileRef = 3A0A0CFF1D3D180300A1608C /* _TestObjectTen.swift */; };
		3A0A0DA11D3D180300A1608C /* _TestObjectTen.swift in Sources */ = {isa = PBXBuildFile; fileRef = 3A0A0CFF1D3D180300A1608C /* _TestObjectTen.swift */; };
		3A0A0DA31D3D180300A1608C /* _TestObjectThirteen.swift in Sources */ = {isa = PBXBuildFile; fileRef = 3A0A0D001D3D180300A1608C /* _TestObjectThirteen.swift */; };
		3A0A0DA41D3D180300A1608C /* _TestObjectThirteen.swift in Sources */ = {isa = PBXBuildFile; fileRef = 3A0A0D001D3D180300A1608C /* _TestObjectThirteen.swift */; };
		3A0A0DA61D3D180300A1608C /* _TestObjectThree.swift in Sources */ = {isa = PBXBuildFile; fileRef = 3A0A0D011D3D180300A1608C /* _TestObjectThree.swift */; };
		3A0A0DA71D3D180300A1608C /* _TestObjectThree.swift in Sources */ = {isa = PBXBuildFile; fileRef = 3A0A0D011D3D180300A1608C /* _TestObjectThree.swift */; };
		3A0A0DA91D3D180300A1608C /* _TestObjectTwelve.swift in Sources */ = {isa = PBXBuildFile; fileRef = 3A0A0D021D3D180300A1608C /* _TestObjectTwelve.swift */; };
		3A0A0DAA1D3D180300A1608C /* _TestObjectTwelve.swift in Sources */ = {isa = PBXBuildFile; fileRef = 3A0A0D021D3D180300A1608C /* _TestObjectTwelve.swift */; };
		3A0A0DAC1D3D180300A1608C /* _TestObjectTwo.swift in Sources */ = {isa = PBXBuildFile; fileRef = 3A0A0D031D3D180300A1608C /* _TestObjectTwo.swift */; };
		3A0A0DAD1D3D180300A1608C /* _TestObjectTwo.swift in Sources */ = {isa = PBXBuildFile; fileRef = 3A0A0D031D3D180300A1608C /* _TestObjectTwo.swift */; };
		3A0A0DAF1D3D180300A1608C /* JMInstantiator.swift in Sources */ = {isa = PBXBuildFile; fileRef = 3A0A0D041D3D180300A1608C /* JMInstantiator.swift */; };
		3A0A0DB01D3D180300A1608C /* JMInstantiator.swift in Sources */ = {isa = PBXBuildFile; fileRef = 3A0A0D041D3D180300A1608C /* JMInstantiator.swift */; };
		3A0A0DB21D3D180300A1608C /* TestObjectEight.swift in Sources */ = {isa = PBXBuildFile; fileRef = 3A0A0D051D3D180300A1608C /* TestObjectEight.swift */; };
		3A0A0DB31D3D180300A1608C /* TestObjectEight.swift in Sources */ = {isa = PBXBuildFile; fileRef = 3A0A0D051D3D180300A1608C /* TestObjectEight.swift */; };
		3A0A0DB51D3D180300A1608C /* TestObjectEleven.swift in Sources */ = {isa = PBXBuildFile; fileRef = 3A0A0D061D3D180300A1608C /* TestObjectEleven.swift */; };
		3A0A0DB61D3D180300A1608C /* TestObjectEleven.swift in Sources */ = {isa = PBXBuildFile; fileRef = 3A0A0D061D3D180300A1608C /* TestObjectEleven.swift */; };
		3A0A0DB81D3D180300A1608C /* TestObjectFive.swift in Sources */ = {isa = PBXBuildFile; fileRef = 3A0A0D071D3D180300A1608C /* TestObjectFive.swift */; };
		3A0A0DB91D3D180300A1608C /* TestObjectFive.swift in Sources */ = {isa = PBXBuildFile; fileRef = 3A0A0D071D3D180300A1608C /* TestObjectFive.swift */; };
		3A0A0DBB1D3D180300A1608C /* TestObjectFour.swift in Sources */ = {isa = PBXBuildFile; fileRef = 3A0A0D081D3D180300A1608C /* TestObjectFour.swift */; };
		3A0A0DBC1D3D180300A1608C /* TestObjectFour.swift in Sources */ = {isa = PBXBuildFile; fileRef = 3A0A0D081D3D180300A1608C /* TestObjectFour.swift */; };
		3A0A0DBE1D3D180300A1608C /* TestObjectNine.swift in Sources */ = {isa = PBXBuildFile; fileRef = 3A0A0D091D3D180300A1608C /* TestObjectNine.swift */; };
		3A0A0DBF1D3D180300A1608C /* TestObjectNine.swift in Sources */ = {isa = PBXBuildFile; fileRef = 3A0A0D091D3D180300A1608C /* TestObjectNine.swift */; };
		3A0A0DC11D3D180300A1608C /* TestObjectSeven.swift in Sources */ = {isa = PBXBuildFile; fileRef = 3A0A0D0A1D3D180300A1608C /* TestObjectSeven.swift */; };
		3A0A0DC21D3D180300A1608C /* TestObjectSeven.swift in Sources */ = {isa = PBXBuildFile; fileRef = 3A0A0D0A1D3D180300A1608C /* TestObjectSeven.swift */; };
		3A0A0DC41D3D180300A1608C /* TestObjectSix.swift in Sources */ = {isa = PBXBuildFile; fileRef = 3A0A0D0B1D3D180300A1608C /* TestObjectSix.swift */; };
		3A0A0DC51D3D180300A1608C /* TestObjectSix.swift in Sources */ = {isa = PBXBuildFile; fileRef = 3A0A0D0B1D3D180300A1608C /* TestObjectSix.swift */; };
		3A0A0DC71D3D180300A1608C /* TestObjectTen.swift in Sources */ = {isa = PBXBuildFile; fileRef = 3A0A0D0C1D3D180300A1608C /* TestObjectTen.swift */; };
		3A0A0DC81D3D180300A1608C /* TestObjectTen.swift in Sources */ = {isa = PBXBuildFile; fileRef = 3A0A0D0C1D3D180300A1608C /* TestObjectTen.swift */; };
		3A0A0DCA1D3D180300A1608C /* TestObjectThirteen.swift in Sources */ = {isa = PBXBuildFile; fileRef = 3A0A0D0D1D3D180300A1608C /* TestObjectThirteen.swift */; };
		3A0A0DCB1D3D180300A1608C /* TestObjectThirteen.swift in Sources */ = {isa = PBXBuildFile; fileRef = 3A0A0D0D1D3D180300A1608C /* TestObjectThirteen.swift */; };
		3A0A0DCD1D3D180300A1608C /* TestObjectThree.swift in Sources */ = {isa = PBXBuildFile; fileRef = 3A0A0D0E1D3D180300A1608C /* TestObjectThree.swift */; };
		3A0A0DCE1D3D180300A1608C /* TestObjectThree.swift in Sources */ = {isa = PBXBuildFile; fileRef = 3A0A0D0E1D3D180300A1608C /* TestObjectThree.swift */; };
		3A0A0DD01D3D180300A1608C /* TestObjectTwelve.swift in Sources */ = {isa = PBXBuildFile; fileRef = 3A0A0D0F1D3D180300A1608C /* TestObjectTwelve.swift */; };
		3A0A0DD11D3D180300A1608C /* TestObjectTwelve.swift in Sources */ = {isa = PBXBuildFile; fileRef = 3A0A0D0F1D3D180300A1608C /* TestObjectTwelve.swift */; };
		3A0A0DD31D3D180300A1608C /* TestObjectTwo.swift in Sources */ = {isa = PBXBuildFile; fileRef = 3A0A0D101D3D180300A1608C /* TestObjectTwo.swift */; };
		3A0A0DD41D3D180300A1608C /* TestObjectTwo.swift in Sources */ = {isa = PBXBuildFile; fileRef = 3A0A0D101D3D180300A1608C /* TestObjectTwo.swift */; };
		3A0A0DD61D3D180300A1608C /* JSONModelKitTests.swift in Sources */ = {isa = PBXBuildFile; fileRef = 3A0A0D111D3D180300A1608C /* JSONModelKitTests.swift */; };
		3A0A0DD71D3D180300A1608C /* JSONModelKitTests.swift in Sources */ = {isa = PBXBuildFile; fileRef = 3A0A0D111D3D180300A1608C /* JSONModelKitTests.swift */; };
		3A0A0DD91D3D180300A1608C /* TestObjectEight.plist in Resources */ = {isa = PBXBuildFile; fileRef = 3A0A0D131D3D180300A1608C /* TestObjectEight.plist */; };
		3A0A0DDA1D3D180300A1608C /* TestObjectEight.plist in Resources */ = {isa = PBXBuildFile; fileRef = 3A0A0D131D3D180300A1608C /* TestObjectEight.plist */; };
		3A0A0DDC1D3D180300A1608C /* TestObjectEleven.plist in Resources */ = {isa = PBXBuildFile; fileRef = 3A0A0D141D3D180300A1608C /* TestObjectEleven.plist */; };
		3A0A0DDD1D3D180300A1608C /* TestObjectEleven.plist in Resources */ = {isa = PBXBuildFile; fileRef = 3A0A0D141D3D180300A1608C /* TestObjectEleven.plist */; };
		3A0A0DDF1D3D180300A1608C /* TestObjectFive.plist in Resources */ = {isa = PBXBuildFile; fileRef = 3A0A0D151D3D180300A1608C /* TestObjectFive.plist */; };
		3A0A0DE01D3D180300A1608C /* TestObjectFive.plist in Resources */ = {isa = PBXBuildFile; fileRef = 3A0A0D151D3D180300A1608C /* TestObjectFive.plist */; };
		3A0A0DE21D3D180300A1608C /* TestObjectFour.plist in Resources */ = {isa = PBXBuildFile; fileRef = 3A0A0D161D3D180300A1608C /* TestObjectFour.plist */; };
		3A0A0DE31D3D180300A1608C /* TestObjectFour.plist in Resources */ = {isa = PBXBuildFile; fileRef = 3A0A0D161D3D180300A1608C /* TestObjectFour.plist */; };
		3A0A0DE51D3D180300A1608C /* TestObjectNine.plist in Resources */ = {isa = PBXBuildFile; fileRef = 3A0A0D171D3D180300A1608C /* TestObjectNine.plist */; };
		3A0A0DE61D3D180300A1608C /* TestObjectNine.plist in Resources */ = {isa = PBXBuildFile; fileRef = 3A0A0D171D3D180300A1608C /* TestObjectNine.plist */; };
		3A0A0DE81D3D180300A1608C /* TestObjectSeven.plist in Resources */ = {isa = PBXBuildFile; fileRef = 3A0A0D181D3D180300A1608C /* TestObjectSeven.plist */; };
		3A0A0DE91D3D180300A1608C /* TestObjectSeven.plist in Resources */ = {isa = PBXBuildFile; fileRef = 3A0A0D181D3D180300A1608C /* TestObjectSeven.plist */; };
		3A0A0DEB1D3D180300A1608C /* TestObjectSix.plist in Resources */ = {isa = PBXBuildFile; fileRef = 3A0A0D191D3D180300A1608C /* TestObjectSix.plist */; };
		3A0A0DEC1D3D180300A1608C /* TestObjectSix.plist in Resources */ = {isa = PBXBuildFile; fileRef = 3A0A0D191D3D180300A1608C /* TestObjectSix.plist */; };
		3A0A0DEE1D3D180300A1608C /* TestObjectTen.plist in Resources */ = {isa = PBXBuildFile; fileRef = 3A0A0D1A1D3D180300A1608C /* TestObjectTen.plist */; };
		3A0A0DEF1D3D180300A1608C /* TestObjectTen.plist in Resources */ = {isa = PBXBuildFile; fileRef = 3A0A0D1A1D3D180300A1608C /* TestObjectTen.plist */; };
		3A0A0DF11D3D180300A1608C /* TestObjectThirteen.plist in Resources */ = {isa = PBXBuildFile; fileRef = 3A0A0D1B1D3D180300A1608C /* TestObjectThirteen.plist */; };
		3A0A0DF21D3D180300A1608C /* TestObjectThirteen.plist in Resources */ = {isa = PBXBuildFile; fileRef = 3A0A0D1B1D3D180300A1608C /* TestObjectThirteen.plist */; };
		3A0A0DF41D3D180300A1608C /* TestObjectThree.plist in Resources */ = {isa = PBXBuildFile; fileRef = 3A0A0D1C1D3D180300A1608C /* TestObjectThree.plist */; };
		3A0A0DF51D3D180300A1608C /* TestObjectThree.plist in Resources */ = {isa = PBXBuildFile; fileRef = 3A0A0D1C1D3D180300A1608C /* TestObjectThree.plist */; };
		3A0A0DF71D3D180300A1608C /* TestObjectTwelve.plist in Resources */ = {isa = PBXBuildFile; fileRef = 3A0A0D1D1D3D180300A1608C /* TestObjectTwelve.plist */; };
		3A0A0DF81D3D180300A1608C /* TestObjectTwelve.plist in Resources */ = {isa = PBXBuildFile; fileRef = 3A0A0D1D1D3D180300A1608C /* TestObjectTwelve.plist */; };
		3A0A0DFA1D3D180300A1608C /* TestObjectTwo.plist in Resources */ = {isa = PBXBuildFile; fileRef = 3A0A0D1E1D3D180300A1608C /* TestObjectTwo.plist */; };
		3A0A0DFB1D3D180300A1608C /* TestObjectTwo.plist in Resources */ = {isa = PBXBuildFile; fileRef = 3A0A0D1E1D3D180300A1608C /* TestObjectTwo.plist */; };
		3A0A0DFD1D3D180300A1608C /* TestObjectEight.json in Resources */ = {isa = PBXBuildFile; fileRef = 3A0A0D201D3D180300A1608C /* TestObjectEight.json */; };
		3A0A0DFE1D3D180300A1608C /* TestObjectEight.json in Resources */ = {isa = PBXBuildFile; fileRef = 3A0A0D201D3D180300A1608C /* TestObjectEight.json */; };
		3A0A0E001D3D180300A1608C /* TestObjectEleven.json in Resources */ = {isa = PBXBuildFile; fileRef = 3A0A0D211D3D180300A1608C /* TestObjectEleven.json */; };
		3A0A0E011D3D180300A1608C /* TestObjectEleven.json in Resources */ = {isa = PBXBuildFile; fileRef = 3A0A0D211D3D180300A1608C /* TestObjectEleven.json */; };
		3A0A0E031D3D180300A1608C /* TestObjectFive.json in Resources */ = {isa = PBXBuildFile; fileRef = 3A0A0D221D3D180300A1608C /* TestObjectFive.json */; };
		3A0A0E041D3D180300A1608C /* TestObjectFive.json in Resources */ = {isa = PBXBuildFile; fileRef = 3A0A0D221D3D180300A1608C /* TestObjectFive.json */; };
		3A0A0E061D3D180300A1608C /* TestObjectFour.json in Resources */ = {isa = PBXBuildFile; fileRef = 3A0A0D231D3D180300A1608C /* TestObjectFour.json */; };
		3A0A0E071D3D180300A1608C /* TestObjectFour.json in Resources */ = {isa = PBXBuildFile; fileRef = 3A0A0D231D3D180300A1608C /* TestObjectFour.json */; };
		3A0A0E091D3D180300A1608C /* TestObjectNine.json in Resources */ = {isa = PBXBuildFile; fileRef = 3A0A0D241D3D180300A1608C /* TestObjectNine.json */; };
		3A0A0E0A1D3D180300A1608C /* TestObjectNine.json in Resources */ = {isa = PBXBuildFile; fileRef = 3A0A0D241D3D180300A1608C /* TestObjectNine.json */; };
		3A0A0E0C1D3D180300A1608C /* TestObjectSeven.json in Resources */ = {isa = PBXBuildFile; fileRef = 3A0A0D251D3D180300A1608C /* TestObjectSeven.json */; };
		3A0A0E0D1D3D180300A1608C /* TestObjectSeven.json in Resources */ = {isa = PBXBuildFile; fileRef = 3A0A0D251D3D180300A1608C /* TestObjectSeven.json */; };
		3A0A0E0F1D3D180300A1608C /* TestObjectSix.json in Resources */ = {isa = PBXBuildFile; fileRef = 3A0A0D261D3D180300A1608C /* TestObjectSix.json */; };
		3A0A0E101D3D180300A1608C /* TestObjectSix.json in Resources */ = {isa = PBXBuildFile; fileRef = 3A0A0D261D3D180300A1608C /* TestObjectSix.json */; };
		3A0A0E121D3D180300A1608C /* TestObjectTen.json in Resources */ = {isa = PBXBuildFile; fileRef = 3A0A0D271D3D180300A1608C /* TestObjectTen.json */; };
		3A0A0E131D3D180300A1608C /* TestObjectTen.json in Resources */ = {isa = PBXBuildFile; fileRef = 3A0A0D271D3D180300A1608C /* TestObjectTen.json */; };
		3A0A0E151D3D180300A1608C /* TestObjectThirteen.json in Resources */ = {isa = PBXBuildFile; fileRef = 3A0A0D281D3D180300A1608C /* TestObjectThirteen.json */; };
		3A0A0E161D3D180300A1608C /* TestObjectThirteen.json in Resources */ = {isa = PBXBuildFile; fileRef = 3A0A0D281D3D180300A1608C /* TestObjectThirteen.json */; };
		3A0A0E181D3D180300A1608C /* TestObjectThree.json in Resources */ = {isa = PBXBuildFile; fileRef = 3A0A0D291D3D180300A1608C /* TestObjectThree.json */; };
		3A0A0E191D3D180300A1608C /* TestObjectThree.json in Resources */ = {isa = PBXBuildFile; fileRef = 3A0A0D291D3D180300A1608C /* TestObjectThree.json */; };
		3A0A0E1B1D3D180300A1608C /* TestObjectTwelve.json in Resources */ = {isa = PBXBuildFile; fileRef = 3A0A0D2A1D3D180300A1608C /* TestObjectTwelve.json */; };
		3A0A0E1C1D3D180300A1608C /* TestObjectTwelve.json in Resources */ = {isa = PBXBuildFile; fileRef = 3A0A0D2A1D3D180300A1608C /* TestObjectTwelve.json */; };
		3A0A0E1E1D3D180300A1608C /* TestObjectTwo.json in Resources */ = {isa = PBXBuildFile; fileRef = 3A0A0D2B1D3D180300A1608C /* TestObjectTwo.json */; };
		3A0A0E1F1D3D180300A1608C /* TestObjectTwo.json in Resources */ = {isa = PBXBuildFile; fileRef = 3A0A0D2B1D3D180300A1608C /* TestObjectTwo.json */; };
		3A0A0E211D3D180300A1608C /* _TestObjectEight.swift in Sources */ = {isa = PBXBuildFile; fileRef = 3A0A0D2E1D3D180300A1608C /* _TestObjectEight.swift */; };
		3A0A0E221D3D180300A1608C /* _TestObjectEight.swift in Sources */ = {isa = PBXBuildFile; fileRef = 3A0A0D2E1D3D180300A1608C /* _TestObjectEight.swift */; };
		3A0A0E241D3D180300A1608C /* _TestObjectEleven.swift in Sources */ = {isa = PBXBuildFile; fileRef = 3A0A0D2F1D3D180300A1608C /* _TestObjectEleven.swift */; };
		3A0A0E251D3D180300A1608C /* _TestObjectEleven.swift in Sources */ = {isa = PBXBuildFile; fileRef = 3A0A0D2F1D3D180300A1608C /* _TestObjectEleven.swift */; };
		3A0A0E271D3D180300A1608C /* _TestObjectFive.swift in Sources */ = {isa = PBXBuildFile; fileRef = 3A0A0D301D3D180300A1608C /* _TestObjectFive.swift */; };
		3A0A0E281D3D180300A1608C /* _TestObjectFive.swift in Sources */ = {isa = PBXBuildFile; fileRef = 3A0A0D301D3D180300A1608C /* _TestObjectFive.swift */; };
		3A0A0E2A1D3D180300A1608C /* _TestObjectFour.swift in Sources */ = {isa = PBXBuildFile; fileRef = 3A0A0D311D3D180300A1608C /* _TestObjectFour.swift */; };
		3A0A0E2B1D3D180300A1608C /* _TestObjectFour.swift in Sources */ = {isa = PBXBuildFile; fileRef = 3A0A0D311D3D180300A1608C /* _TestObjectFour.swift */; };
		3A0A0E2D1D3D180300A1608C /* _TestObjectNine.swift in Sources */ = {isa = PBXBuildFile; fileRef = 3A0A0D321D3D180300A1608C /* _TestObjectNine.swift */; };
		3A0A0E2E1D3D180300A1608C /* _TestObjectNine.swift in Sources */ = {isa = PBXBuildFile; fileRef = 3A0A0D321D3D180300A1608C /* _TestObjectNine.swift */; };
		3A0A0E301D3D180300A1608C /* _TestObjectOne.swift in Sources */ = {isa = PBXBuildFile; fileRef = 3A0A0D331D3D180300A1608C /* _TestObjectOne.swift */; };
		3A0A0E311D3D180300A1608C /* _TestObjectOne.swift in Sources */ = {isa = PBXBuildFile; fileRef = 3A0A0D331D3D180300A1608C /* _TestObjectOne.swift */; };
		3A0A0E331D3D180300A1608C /* _TestObjectSeven.swift in Sources */ = {isa = PBXBuildFile; fileRef = 3A0A0D341D3D180300A1608C /* _TestObjectSeven.swift */; };
		3A0A0E341D3D180300A1608C /* _TestObjectSeven.swift in Sources */ = {isa = PBXBuildFile; fileRef = 3A0A0D341D3D180300A1608C /* _TestObjectSeven.swift */; };
		3A0A0E361D3D180300A1608C /* _TestObjectSix.swift in Sources */ = {isa = PBXBuildFile; fileRef = 3A0A0D351D3D180300A1608C /* _TestObjectSix.swift */; };
		3A0A0E371D3D180300A1608C /* _TestObjectSix.swift in Sources */ = {isa = PBXBuildFile; fileRef = 3A0A0D351D3D180300A1608C /* _TestObjectSix.swift */; };
		3A0A0E391D3D180300A1608C /* _TestObjectTen.swift in Sources */ = {isa = PBXBuildFile; fileRef = 3A0A0D361D3D180300A1608C /* _TestObjectTen.swift */; };
		3A0A0E3A1D3D180300A1608C /* _TestObjectTen.swift in Sources */ = {isa = PBXBuildFile; fileRef = 3A0A0D361D3D180300A1608C /* _TestObjectTen.swift */; };
		3A0A0E3C1D3D180300A1608C /* _TestObjectThirteen.swift in Sources */ = {isa = PBXBuildFile; fileRef = 3A0A0D371D3D180300A1608C /* _TestObjectThirteen.swift */; };
		3A0A0E3D1D3D180300A1608C /* _TestObjectThirteen.swift in Sources */ = {isa = PBXBuildFile; fileRef = 3A0A0D371D3D180300A1608C /* _TestObjectThirteen.swift */; };
		3A0A0E3F1D3D180300A1608C /* _TestObjectThree.swift in Sources */ = {isa = PBXBuildFile; fileRef = 3A0A0D381D3D180300A1608C /* _TestObjectThree.swift */; };
		3A0A0E401D3D180300A1608C /* _TestObjectThree.swift in Sources */ = {isa = PBXBuildFile; fileRef = 3A0A0D381D3D180300A1608C /* _TestObjectThree.swift */; };
		3A0A0E421D3D180300A1608C /* _TestObjectTwelve.swift in Sources */ = {isa = PBXBuildFile; fileRef = 3A0A0D391D3D180300A1608C /* _TestObjectTwelve.swift */; };
		3A0A0E431D3D180300A1608C /* _TestObjectTwelve.swift in Sources */ = {isa = PBXBuildFile; fileRef = 3A0A0D391D3D180300A1608C /* _TestObjectTwelve.swift */; };
		3A0A0E451D3D180300A1608C /* _TestObjectTwo.swift in Sources */ = {isa = PBXBuildFile; fileRef = 3A0A0D3A1D3D180300A1608C /* _TestObjectTwo.swift */; };
		3A0A0E461D3D180300A1608C /* _TestObjectTwo.swift in Sources */ = {isa = PBXBuildFile; fileRef = 3A0A0D3A1D3D180300A1608C /* _TestObjectTwo.swift */; };
		3A0A0E481D3D180300A1608C /* JMInstantiator.swift in Sources */ = {isa = PBXBuildFile; fileRef = 3A0A0D3B1D3D180300A1608C /* JMInstantiator.swift */; };
		3A0A0E491D3D180300A1608C /* JMInstantiator.swift in Sources */ = {isa = PBXBuildFile; fileRef = 3A0A0D3B1D3D180300A1608C /* JMInstantiator.swift */; };
		3A0A0E4B1D3D180300A1608C /* TestObjectEight.swift in Sources */ = {isa = PBXBuildFile; fileRef = 3A0A0D3C1D3D180300A1608C /* TestObjectEight.swift */; };
		3A0A0E4C1D3D180300A1608C /* TestObjectEight.swift in Sources */ = {isa = PBXBuildFile; fileRef = 3A0A0D3C1D3D180300A1608C /* TestObjectEight.swift */; };
		3A0A0E4E1D3D180300A1608C /* TestObjectEleven.swift in Sources */ = {isa = PBXBuildFile; fileRef = 3A0A0D3D1D3D180300A1608C /* TestObjectEleven.swift */; };
		3A0A0E4F1D3D180300A1608C /* TestObjectEleven.swift in Sources */ = {isa = PBXBuildFile; fileRef = 3A0A0D3D1D3D180300A1608C /* TestObjectEleven.swift */; };
		3A0A0E511D3D180300A1608C /* TestObjectFive.swift in Sources */ = {isa = PBXBuildFile; fileRef = 3A0A0D3E1D3D180300A1608C /* TestObjectFive.swift */; };
		3A0A0E521D3D180300A1608C /* TestObjectFive.swift in Sources */ = {isa = PBXBuildFile; fileRef = 3A0A0D3E1D3D180300A1608C /* TestObjectFive.swift */; };
		3A0A0E541D3D180300A1608C /* TestObjectFour.swift in Sources */ = {isa = PBXBuildFile; fileRef = 3A0A0D3F1D3D180300A1608C /* TestObjectFour.swift */; };
		3A0A0E551D3D180300A1608C /* TestObjectFour.swift in Sources */ = {isa = PBXBuildFile; fileRef = 3A0A0D3F1D3D180300A1608C /* TestObjectFour.swift */; };
		3A0A0E571D3D180300A1608C /* TestObjectNine.swift in Sources */ = {isa = PBXBuildFile; fileRef = 3A0A0D401D3D180300A1608C /* TestObjectNine.swift */; };
		3A0A0E581D3D180300A1608C /* TestObjectNine.swift in Sources */ = {isa = PBXBuildFile; fileRef = 3A0A0D401D3D180300A1608C /* TestObjectNine.swift */; };
		3A0A0E5A1D3D180300A1608C /* TestObjectOne.swift in Sources */ = {isa = PBXBuildFile; fileRef = 3A0A0D411D3D180300A1608C /* TestObjectOne.swift */; };
		3A0A0E5B1D3D180300A1608C /* TestObjectOne.swift in Sources */ = {isa = PBXBuildFile; fileRef = 3A0A0D411D3D180300A1608C /* TestObjectOne.swift */; };
		3A0A0E5D1D3D180300A1608C /* TestObjectSeven.swift in Sources */ = {isa = PBXBuildFile; fileRef = 3A0A0D421D3D180300A1608C /* TestObjectSeven.swift */; };
		3A0A0E5E1D3D180300A1608C /* TestObjectSeven.swift in Sources */ = {isa = PBXBuildFile; fileRef = 3A0A0D421D3D180300A1608C /* TestObjectSeven.swift */; };
		3A0A0E601D3D180300A1608C /* TestObjectSix.swift in Sources */ = {isa = PBXBuildFile; fileRef = 3A0A0D431D3D180300A1608C /* TestObjectSix.swift */; };
		3A0A0E611D3D180300A1608C /* TestObjectSix.swift in Sources */ = {isa = PBXBuildFile; fileRef = 3A0A0D431D3D180300A1608C /* TestObjectSix.swift */; };
		3A0A0E631D3D180300A1608C /* TestObjectTen.swift in Sources */ = {isa = PBXBuildFile; fileRef = 3A0A0D441D3D180300A1608C /* TestObjectTen.swift */; };
		3A0A0E641D3D180300A1608C /* TestObjectTen.swift in Sources */ = {isa = PBXBuildFile; fileRef = 3A0A0D441D3D180300A1608C /* TestObjectTen.swift */; };
		3A0A0E661D3D180300A1608C /* TestObjectThirteen.swift in Sources */ = {isa = PBXBuildFile; fileRef = 3A0A0D451D3D180300A1608C /* TestObjectThirteen.swift */; };
		3A0A0E671D3D180300A1608C /* TestObjectThirteen.swift in Sources */ = {isa = PBXBuildFile; fileRef = 3A0A0D451D3D180300A1608C /* TestObjectThirteen.swift */; };
		3A0A0E691D3D180300A1608C /* TestObjectThree.swift in Sources */ = {isa = PBXBuildFile; fileRef = 3A0A0D461D3D180300A1608C /* TestObjectThree.swift */; };
		3A0A0E6A1D3D180300A1608C /* TestObjectThree.swift in Sources */ = {isa = PBXBuildFile; fileRef = 3A0A0D461D3D180300A1608C /* TestObjectThree.swift */; };
		3A0A0E6C1D3D180300A1608C /* TestObjectTwelve.swift in Sources */ = {isa = PBXBuildFile; fileRef = 3A0A0D471D3D180300A1608C /* TestObjectTwelve.swift */; };
		3A0A0E6D1D3D180300A1608C /* TestObjectTwelve.swift in Sources */ = {isa = PBXBuildFile; fileRef = 3A0A0D471D3D180300A1608C /* TestObjectTwelve.swift */; };
		3A0A0E6F1D3D180300A1608C /* TestObjectTwo.swift in Sources */ = {isa = PBXBuildFile; fileRef = 3A0A0D481D3D180300A1608C /* TestObjectTwo.swift */; };
		3A0A0E701D3D180300A1608C /* TestObjectTwo.swift in Sources */ = {isa = PBXBuildFile; fileRef = 3A0A0D481D3D180300A1608C /* TestObjectTwo.swift */; };
		3A0A0E721D3D180300A1608C /* US2ExampleClosureTransformer.swift in Sources */ = {isa = PBXBuildFile; fileRef = 3A0A0D4A1D3D180300A1608C /* US2ExampleClosureTransformer.swift */; };
		3A0A0E731D3D180300A1608C /* US2ExampleClosureTransformer.swift in Sources */ = {isa = PBXBuildFile; fileRef = 3A0A0D4A1D3D180300A1608C /* US2ExampleClosureTransformer.swift */; };
		3A0A0E751D3D180300A1608C /* US2ExampleEnumTransformer.swift in Sources */ = {isa = PBXBuildFile; fileRef = 3A0A0D4B1D3D180300A1608C /* US2ExampleEnumTransformer.swift */; };
		3A0A0E761D3D180300A1608C /* US2ExampleEnumTransformer.swift in Sources */ = {isa = PBXBuildFile; fileRef = 3A0A0D4B1D3D180300A1608C /* US2ExampleEnumTransformer.swift */; };
		3A0A0E781D3D180300A1608C /* US2ExampleStructTransformer.swift in Sources */ = {isa = PBXBuildFile; fileRef = 3A0A0D4C1D3D180300A1608C /* US2ExampleStructTransformer.swift */; };
		3A0A0E791D3D180300A1608C /* US2ExampleStructTransformer.swift in Sources */ = {isa = PBXBuildFile; fileRef = 3A0A0D4C1D3D180300A1608C /* US2ExampleStructTransformer.swift */; };
		3A0A0E7B1D3D180300A1608C /* US2ExampleTupleTransformer.swift in Sources */ = {isa = PBXBuildFile; fileRef = 3A0A0D4D1D3D180300A1608C /* US2ExampleTupleTransformer.swift */; };
		3A0A0E7C1D3D180300A1608C /* US2ExampleTupleTransformer.swift in Sources */ = {isa = PBXBuildFile; fileRef = 3A0A0D4D1D3D180300A1608C /* US2ExampleTupleTransformer.swift */; };
		3A0A0E7E1D3D180300A1608C /* ValueTypeDefinitions.swift in Sources */ = {isa = PBXBuildFile; fileRef = 3A0A0D4E1D3D180300A1608C /* ValueTypeDefinitions.swift */; };
		3A0A0E7F1D3D180300A1608C /* ValueTypeDefinitions.swift in Sources */ = {isa = PBXBuildFile; fileRef = 3A0A0D4E1D3D180300A1608C /* ValueTypeDefinitions.swift */; };
		3A5AAB8F1D38DADD0001D715 /* AppDelegate.swift in Sources */ = {isa = PBXBuildFile; fileRef = 3A5AAB8E1D38DADD0001D715 /* AppDelegate.swift */; };
		3A5AAB911D38DADD0001D715 /* ViewController.swift in Sources */ = {isa = PBXBuildFile; fileRef = 3A5AAB901D38DADD0001D715 /* ViewController.swift */; };
		3A5AAB931D38DADD0001D715 /* Assets.xcassets in Resources */ = {isa = PBXBuildFile; fileRef = 3A5AAB921D38DADD0001D715 /* Assets.xcassets */; };
		3A5AAB961D38DADD0001D715 /* Main.storyboard in Resources */ = {isa = PBXBuildFile; fileRef = 3A5AAB941D38DADD0001D715 /* Main.storyboard */; };
/* End PBXBuildFile section */

/* Begin PBXContainerItemProxy section */
		3A5AABA61D38DB3A0001D715 /* PBXContainerItemProxy */ = {
			isa = PBXContainerItemProxy;
			containerPortal = 3A5AAB831D38DADD0001D715 /* Project object */;
			proxyType = 1;
			remoteGlobalIDString = 3A5AAB8A1D38DADD0001D715;
			remoteInfo = "JSONModelKit-OSX";
		};
/* End PBXContainerItemProxy section */

/* Begin PBXFileReference section */
		13C6E8171D396BB4000A0B4B /* JSONModelKit-OSX-JSON-Tests.xctest */ = {isa = PBXFileReference; explicitFileType = wrapper.cfbundle; includeInIndex = 0; path = "JSONModelKit-OSX-JSON-Tests.xctest"; sourceTree = BUILT_PRODUCTS_DIR; };
		13C6E81B1D396BB4000A0B4B /* Info.plist */ = {isa = PBXFileReference; lastKnownFileType = text.plist.xml; path = Info.plist; sourceTree = "<group>"; };
		3A0A0CDD1D3D180300A1608C /* JMCompoundValueTransformer.swift */ = {isa = PBXFileReference; fileEncoding = 4; lastKnownFileType = sourcecode.swift; path = JMCompoundValueTransformer.swift; sourceTree = "<group>"; };
		3A0A0CDE1D3D180300A1608C /* JSONModelKit.swift */ = {isa = PBXFileReference; fileEncoding = 4; lastKnownFileType = sourcecode.swift; path = JSONModelKit.swift; sourceTree = "<group>"; };
		3A0A0CE01D3D180300A1608C /* CollectionParser.swift */ = {isa = PBXFileReference; fileEncoding = 4; lastKnownFileType = sourcecode.swift; path = CollectionParser.swift; sourceTree = "<group>"; };
		3A0A0CE11D3D180300A1608C /* ComplexTypeParser.swift */ = {isa = PBXFileReference; fileEncoding = 4; lastKnownFileType = sourcecode.swift; path = ComplexTypeParser.swift; sourceTree = "<group>"; };
		3A0A0CE21D3D180300A1608C /* ComplexValueArrayParser.swift */ = {isa = PBXFileReference; fileEncoding = 4; lastKnownFileType = sourcecode.swift; path = ComplexValueArrayParser.swift; sourceTree = "<group>"; };
		3A0A0CE31D3D180300A1608C /* ComplexValueDictionaryParser.swift */ = {isa = PBXFileReference; fileEncoding = 4; lastKnownFileType = sourcecode.swift; path = ComplexValueDictionaryParser.swift; sourceTree = "<group>"; };
		3A0A0CE41D3D180300A1608C /* NativeTypeParser.swift */ = {isa = PBXFileReference; fileEncoding = 4; lastKnownFileType = sourcecode.swift; path = NativeTypeParser.swift; sourceTree = "<group>"; };
		3A0A0CE51D3D180300A1608C /* NativeValueArrayParser.swift */ = {isa = PBXFileReference; fileEncoding = 4; lastKnownFileType = sourcecode.swift; path = NativeValueArrayParser.swift; sourceTree = "<group>"; };
		3A0A0CE61D3D180300A1608C /* NativeValueDictionaryParser.swift */ = {isa = PBXFileReference; fileEncoding = 4; lastKnownFileType = sourcecode.swift; path = NativeValueDictionaryParser.swift; sourceTree = "<group>"; };
		3A0A0CE71D3D180300A1608C /* Parser.swift */ = {isa = PBXFileReference; fileEncoding = 4; lastKnownFileType = sourcecode.swift; path = Parser.swift; sourceTree = "<group>"; };
		3A0A0CE91D3D180300A1608C /* Transformer.swift */ = {isa = PBXFileReference; fileEncoding = 4; lastKnownFileType = sourcecode.swift; path = Transformer.swift; sourceTree = "<group>"; };
		3A0A0CEB1D3D180300A1608C /* Validator.swift */ = {isa = PBXFileReference; fileEncoding = 4; lastKnownFileType = sourcecode.swift; path = Validator.swift; sourceTree = "<group>"; };
		3A0A0CED1D3D180300A1608C /* constants.py */ = {isa = PBXFileReference; fileEncoding = 4; lastKnownFileType = text.script.python; path = constants.py; sourceTree = "<group>"; };
		3A0A0CEE1D3D180300A1608C /* external_class_template.txt */ = {isa = PBXFileReference; fileEncoding = 4; lastKnownFileType = text; path = external_class_template.txt; sourceTree = "<group>"; };
		3A0A0CEF1D3D180300A1608C /* generator.py */ = {isa = PBXFileReference; fileEncoding = 4; lastKnownFileType = text.script.python; path = generator.py; sourceTree = "<group>"; };
		3A0A0CF01D3D180300A1608C /* instantiator.py */ = {isa = PBXFileReference; fileEncoding = 4; lastKnownFileType = text.script.python; path = instantiator.py; sourceTree = "<group>"; };
		3A0A0CF11D3D180300A1608C /* instantiator_template.txt */ = {isa = PBXFileReference; fileEncoding = 4; lastKnownFileType = text; path = instantiator_template.txt; sourceTree = "<group>"; };
		3A0A0CF21D3D180300A1608C /* internal_class_template.txt */ = {isa = PBXFileReference; fileEncoding = 4; lastKnownFileType = text; path = internal_class_template.txt; sourceTree = "<group>"; };
		3A0A0CF31D3D180300A1608C /* modelgen-swift.py */ = {isa = PBXFileReference; fileEncoding = 4; lastKnownFileType = text.script.python; path = "modelgen-swift.py"; sourceTree = "<group>"; };
		3A0A0CF41D3D180300A1608C /* validator.py */ = {isa = PBXFileReference; fileEncoding = 4; lastKnownFileType = text.script.python; path = validator.py; sourceTree = "<group>"; };
		3A0A0CF81D3D180300A1608C /* _TestObjectEight.swift */ = {isa = PBXFileReference; fileEncoding = 4; lastKnownFileType = sourcecode.swift; path = _TestObjectEight.swift; sourceTree = "<group>"; };
		3A0A0CF91D3D180300A1608C /* _TestObjectEleven.swift */ = {isa = PBXFileReference; fileEncoding = 4; lastKnownFileType = sourcecode.swift; path = _TestObjectEleven.swift; sourceTree = "<group>"; };
		3A0A0CFA1D3D180300A1608C /* _TestObjectFive.swift */ = {isa = PBXFileReference; fileEncoding = 4; lastKnownFileType = sourcecode.swift; path = _TestObjectFive.swift; sourceTree = "<group>"; };
		3A0A0CFB1D3D180300A1608C /* _TestObjectFour.swift */ = {isa = PBXFileReference; fileEncoding = 4; lastKnownFileType = sourcecode.swift; path = _TestObjectFour.swift; sourceTree = "<group>"; };
		3A0A0CFC1D3D180300A1608C /* _TestObjectNine.swift */ = {isa = PBXFileReference; fileEncoding = 4; lastKnownFileType = sourcecode.swift; path = _TestObjectNine.swift; sourceTree = "<group>"; };
		3A0A0CFD1D3D180300A1608C /* _TestObjectSeven.swift */ = {isa = PBXFileReference; fileEncoding = 4; lastKnownFileType = sourcecode.swift; path = _TestObjectSeven.swift; sourceTree = "<group>"; };
		3A0A0CFE1D3D180300A1608C /* _TestObjectSix.swift */ = {isa = PBXFileReference; fileEncoding = 4; lastKnownFileType = sourcecode.swift; path = _TestObjectSix.swift; sourceTree = "<group>"; };
		3A0A0CFF1D3D180300A1608C /* _TestObjectTen.swift */ = {isa = PBXFileReference; fileEncoding = 4; lastKnownFileType = sourcecode.swift; path = _TestObjectTen.swift; sourceTree = "<group>"; };
		3A0A0D001D3D180300A1608C /* _TestObjectThirteen.swift */ = {isa = PBXFileReference; fileEncoding = 4; lastKnownFileType = sourcecode.swift; path = _TestObjectThirteen.swift; sourceTree = "<group>"; };
		3A0A0D011D3D180300A1608C /* _TestObjectThree.swift */ = {isa = PBXFileReference; fileEncoding = 4; lastKnownFileType = sourcecode.swift; path = _TestObjectThree.swift; sourceTree = "<group>"; };
		3A0A0D021D3D180300A1608C /* _TestObjectTwelve.swift */ = {isa = PBXFileReference; fileEncoding = 4; lastKnownFileType = sourcecode.swift; path = _TestObjectTwelve.swift; sourceTree = "<group>"; };
		3A0A0D031D3D180300A1608C /* _TestObjectTwo.swift */ = {isa = PBXFileReference; fileEncoding = 4; lastKnownFileType = sourcecode.swift; path = _TestObjectTwo.swift; sourceTree = "<group>"; };
		3A0A0D041D3D180300A1608C /* JMInstantiator.swift */ = {isa = PBXFileReference; fileEncoding = 4; lastKnownFileType = sourcecode.swift; path = JMInstantiator.swift; sourceTree = "<group>"; };
		3A0A0D051D3D180300A1608C /* TestObjectEight.swift */ = {isa = PBXFileReference; fileEncoding = 4; lastKnownFileType = sourcecode.swift; path = TestObjectEight.swift; sourceTree = "<group>"; };
		3A0A0D061D3D180300A1608C /* TestObjectEleven.swift */ = {isa = PBXFileReference; fileEncoding = 4; lastKnownFileType = sourcecode.swift; path = TestObjectEleven.swift; sourceTree = "<group>"; };
		3A0A0D071D3D180300A1608C /* TestObjectFive.swift */ = {isa = PBXFileReference; fileEncoding = 4; lastKnownFileType = sourcecode.swift; path = TestObjectFive.swift; sourceTree = "<group>"; };
		3A0A0D081D3D180300A1608C /* TestObjectFour.swift */ = {isa = PBXFileReference; fileEncoding = 4; lastKnownFileType = sourcecode.swift; path = TestObjectFour.swift; sourceTree = "<group>"; };
		3A0A0D091D3D180300A1608C /* TestObjectNine.swift */ = {isa = PBXFileReference; fileEncoding = 4; lastKnownFileType = sourcecode.swift; path = TestObjectNine.swift; sourceTree = "<group>"; };
		3A0A0D0A1D3D180300A1608C /* TestObjectSeven.swift */ = {isa = PBXFileReference; fileEncoding = 4; lastKnownFileType = sourcecode.swift; path = TestObjectSeven.swift; sourceTree = "<group>"; };
		3A0A0D0B1D3D180300A1608C /* TestObjectSix.swift */ = {isa = PBXFileReference; fileEncoding = 4; lastKnownFileType = sourcecode.swift; path = TestObjectSix.swift; sourceTree = "<group>"; };
		3A0A0D0C1D3D180300A1608C /* TestObjectTen.swift */ = {isa = PBXFileReference; fileEncoding = 4; lastKnownFileType = sourcecode.swift; path = TestObjectTen.swift; sourceTree = "<group>"; };
		3A0A0D0D1D3D180300A1608C /* TestObjectThirteen.swift */ = {isa = PBXFileReference; fileEncoding = 4; lastKnownFileType = sourcecode.swift; path = TestObjectThirteen.swift; sourceTree = "<group>"; };
		3A0A0D0E1D3D180300A1608C /* TestObjectThree.swift */ = {isa = PBXFileReference; fileEncoding = 4; lastKnownFileType = sourcecode.swift; path = TestObjectThree.swift; sourceTree = "<group>"; };
		3A0A0D0F1D3D180300A1608C /* TestObjectTwelve.swift */ = {isa = PBXFileReference; fileEncoding = 4; lastKnownFileType = sourcecode.swift; path = TestObjectTwelve.swift; sourceTree = "<group>"; };
		3A0A0D101D3D180300A1608C /* TestObjectTwo.swift */ = {isa = PBXFileReference; fileEncoding = 4; lastKnownFileType = sourcecode.swift; path = TestObjectTwo.swift; sourceTree = "<group>"; };
		3A0A0D111D3D180300A1608C /* JSONModelKitTests.swift */ = {isa = PBXFileReference; fileEncoding = 4; lastKnownFileType = sourcecode.swift; path = JSONModelKitTests.swift; sourceTree = "<group>"; };
		3A0A0D131D3D180300A1608C /* TestObjectEight.plist */ = {isa = PBXFileReference; fileEncoding = 4; lastKnownFileType = text.plist.xml; path = TestObjectEight.plist; sourceTree = "<group>"; };
		3A0A0D141D3D180300A1608C /* TestObjectEleven.plist */ = {isa = PBXFileReference; fileEncoding = 4; lastKnownFileType = text.plist.xml; path = TestObjectEleven.plist; sourceTree = "<group>"; };
		3A0A0D151D3D180300A1608C /* TestObjectFive.plist */ = {isa = PBXFileReference; fileEncoding = 4; lastKnownFileType = text.plist.xml; path = TestObjectFive.plist; sourceTree = "<group>"; };
		3A0A0D161D3D180300A1608C /* TestObjectFour.plist */ = {isa = PBXFileReference; fileEncoding = 4; lastKnownFileType = text.plist.xml; path = TestObjectFour.plist; sourceTree = "<group>"; };
		3A0A0D171D3D180300A1608C /* TestObjectNine.plist */ = {isa = PBXFileReference; fileEncoding = 4; lastKnownFileType = text.plist.xml; path = TestObjectNine.plist; sourceTree = "<group>"; };
		3A0A0D181D3D180300A1608C /* TestObjectSeven.plist */ = {isa = PBXFileReference; fileEncoding = 4; lastKnownFileType = text.plist.xml; path = TestObjectSeven.plist; sourceTree = "<group>"; };
		3A0A0D191D3D180300A1608C /* TestObjectSix.plist */ = {isa = PBXFileReference; fileEncoding = 4; lastKnownFileType = text.plist.xml; path = TestObjectSix.plist; sourceTree = "<group>"; };
		3A0A0D1A1D3D180300A1608C /* TestObjectTen.plist */ = {isa = PBXFileReference; fileEncoding = 4; lastKnownFileType = text.plist.xml; path = TestObjectTen.plist; sourceTree = "<group>"; };
		3A0A0D1B1D3D180300A1608C /* TestObjectThirteen.plist */ = {isa = PBXFileReference; fileEncoding = 4; lastKnownFileType = text.plist.xml; path = TestObjectThirteen.plist; sourceTree = "<group>"; };
		3A0A0D1C1D3D180300A1608C /* TestObjectThree.plist */ = {isa = PBXFileReference; fileEncoding = 4; lastKnownFileType = text.plist.xml; path = TestObjectThree.plist; sourceTree = "<group>"; };
		3A0A0D1D1D3D180300A1608C /* TestObjectTwelve.plist */ = {isa = PBXFileReference; fileEncoding = 4; lastKnownFileType = text.plist.xml; path = TestObjectTwelve.plist; sourceTree = "<group>"; };
		3A0A0D1E1D3D180300A1608C /* TestObjectTwo.plist */ = {isa = PBXFileReference; fileEncoding = 4; lastKnownFileType = text.plist.xml; path = TestObjectTwo.plist; sourceTree = "<group>"; };
		3A0A0D201D3D180300A1608C /* TestObjectEight.json */ = {isa = PBXFileReference; fileEncoding = 4; lastKnownFileType = text.json; path = TestObjectEight.json; sourceTree = "<group>"; };
		3A0A0D211D3D180300A1608C /* TestObjectEleven.json */ = {isa = PBXFileReference; fileEncoding = 4; lastKnownFileType = text.json; path = TestObjectEleven.json; sourceTree = "<group>"; };
		3A0A0D221D3D180300A1608C /* TestObjectFive.json */ = {isa = PBXFileReference; fileEncoding = 4; lastKnownFileType = text.json; path = TestObjectFive.json; sourceTree = "<group>"; };
		3A0A0D231D3D180300A1608C /* TestObjectFour.json */ = {isa = PBXFileReference; fileEncoding = 4; lastKnownFileType = text.json; path = TestObjectFour.json; sourceTree = "<group>"; };
		3A0A0D241D3D180300A1608C /* TestObjectNine.json */ = {isa = PBXFileReference; fileEncoding = 4; lastKnownFileType = text.json; path = TestObjectNine.json; sourceTree = "<group>"; };
		3A0A0D251D3D180300A1608C /* TestObjectSeven.json */ = {isa = PBXFileReference; fileEncoding = 4; lastKnownFileType = text.json; path = TestObjectSeven.json; sourceTree = "<group>"; };
		3A0A0D261D3D180300A1608C /* TestObjectSix.json */ = {isa = PBXFileReference; fileEncoding = 4; lastKnownFileType = text.json; path = TestObjectSix.json; sourceTree = "<group>"; };
		3A0A0D271D3D180300A1608C /* TestObjectTen.json */ = {isa = PBXFileReference; fileEncoding = 4; lastKnownFileType = text.json; path = TestObjectTen.json; sourceTree = "<group>"; };
		3A0A0D281D3D180300A1608C /* TestObjectThirteen.json */ = {isa = PBXFileReference; fileEncoding = 4; lastKnownFileType = text.json; path = TestObjectThirteen.json; sourceTree = "<group>"; };
		3A0A0D291D3D180300A1608C /* TestObjectThree.json */ = {isa = PBXFileReference; fileEncoding = 4; lastKnownFileType = text.json; path = TestObjectThree.json; sourceTree = "<group>"; };
		3A0A0D2A1D3D180300A1608C /* TestObjectTwelve.json */ = {isa = PBXFileReference; fileEncoding = 4; lastKnownFileType = text.json; path = TestObjectTwelve.json; sourceTree = "<group>"; };
		3A0A0D2B1D3D180300A1608C /* TestObjectTwo.json */ = {isa = PBXFileReference; fileEncoding = 4; lastKnownFileType = text.json; path = TestObjectTwo.json; sourceTree = "<group>"; };
		3A0A0D2E1D3D180300A1608C /* _TestObjectEight.swift */ = {isa = PBXFileReference; fileEncoding = 4; lastKnownFileType = sourcecode.swift; path = _TestObjectEight.swift; sourceTree = "<group>"; };
		3A0A0D2F1D3D180300A1608C /* _TestObjectEleven.swift */ = {isa = PBXFileReference; fileEncoding = 4; lastKnownFileType = sourcecode.swift; path = _TestObjectEleven.swift; sourceTree = "<group>"; };
		3A0A0D301D3D180300A1608C /* _TestObjectFive.swift */ = {isa = PBXFileReference; fileEncoding = 4; lastKnownFileType = sourcecode.swift; path = _TestObjectFive.swift; sourceTree = "<group>"; };
		3A0A0D311D3D180300A1608C /* _TestObjectFour.swift */ = {isa = PBXFileReference; fileEncoding = 4; lastKnownFileType = sourcecode.swift; path = _TestObjectFour.swift; sourceTree = "<group>"; };
		3A0A0D321D3D180300A1608C /* _TestObjectNine.swift */ = {isa = PBXFileReference; fileEncoding = 4; lastKnownFileType = sourcecode.swift; path = _TestObjectNine.swift; sourceTree = "<group>"; };
		3A0A0D331D3D180300A1608C /* _TestObjectOne.swift */ = {isa = PBXFileReference; fileEncoding = 4; lastKnownFileType = sourcecode.swift; path = _TestObjectOne.swift; sourceTree = "<group>"; };
		3A0A0D341D3D180300A1608C /* _TestObjectSeven.swift */ = {isa = PBXFileReference; fileEncoding = 4; lastKnownFileType = sourcecode.swift; path = _TestObjectSeven.swift; sourceTree = "<group>"; };
		3A0A0D351D3D180300A1608C /* _TestObjectSix.swift */ = {isa = PBXFileReference; fileEncoding = 4; lastKnownFileType = sourcecode.swift; path = _TestObjectSix.swift; sourceTree = "<group>"; };
		3A0A0D361D3D180300A1608C /* _TestObjectTen.swift */ = {isa = PBXFileReference; fileEncoding = 4; lastKnownFileType = sourcecode.swift; path = _TestObjectTen.swift; sourceTree = "<group>"; };
		3A0A0D371D3D180300A1608C /* _TestObjectThirteen.swift */ = {isa = PBXFileReference; fileEncoding = 4; lastKnownFileType = sourcecode.swift; path = _TestObjectThirteen.swift; sourceTree = "<group>"; };
		3A0A0D381D3D180300A1608C /* _TestObjectThree.swift */ = {isa = PBXFileReference; fileEncoding = 4; lastKnownFileType = sourcecode.swift; path = _TestObjectThree.swift; sourceTree = "<group>"; };
		3A0A0D391D3D180300A1608C /* _TestObjectTwelve.swift */ = {isa = PBXFileReference; fileEncoding = 4; lastKnownFileType = sourcecode.swift; path = _TestObjectTwelve.swift; sourceTree = "<group>"; };
		3A0A0D3A1D3D180300A1608C /* _TestObjectTwo.swift */ = {isa = PBXFileReference; fileEncoding = 4; lastKnownFileType = sourcecode.swift; path = _TestObjectTwo.swift; sourceTree = "<group>"; };
		3A0A0D3B1D3D180300A1608C /* JMInstantiator.swift */ = {isa = PBXFileReference; fileEncoding = 4; lastKnownFileType = sourcecode.swift; path = JMInstantiator.swift; sourceTree = "<group>"; };
		3A0A0D3C1D3D180300A1608C /* TestObjectEight.swift */ = {isa = PBXFileReference; fileEncoding = 4; lastKnownFileType = sourcecode.swift; path = TestObjectEight.swift; sourceTree = "<group>"; };
		3A0A0D3D1D3D180300A1608C /* TestObjectEleven.swift */ = {isa = PBXFileReference; fileEncoding = 4; lastKnownFileType = sourcecode.swift; path = TestObjectEleven.swift; sourceTree = "<group>"; };
		3A0A0D3E1D3D180300A1608C /* TestObjectFive.swift */ = {isa = PBXFileReference; fileEncoding = 4; lastKnownFileType = sourcecode.swift; path = TestObjectFive.swift; sourceTree = "<group>"; };
		3A0A0D3F1D3D180300A1608C /* TestObjectFour.swift */ = {isa = PBXFileReference; fileEncoding = 4; lastKnownFileType = sourcecode.swift; path = TestObjectFour.swift; sourceTree = "<group>"; };
		3A0A0D401D3D180300A1608C /* TestObjectNine.swift */ = {isa = PBXFileReference; fileEncoding = 4; lastKnownFileType = sourcecode.swift; path = TestObjectNine.swift; sourceTree = "<group>"; };
		3A0A0D411D3D180300A1608C /* TestObjectOne.swift */ = {isa = PBXFileReference; fileEncoding = 4; lastKnownFileType = sourcecode.swift; path = TestObjectOne.swift; sourceTree = "<group>"; };
		3A0A0D421D3D180300A1608C /* TestObjectSeven.swift */ = {isa = PBXFileReference; fileEncoding = 4; lastKnownFileType = sourcecode.swift; path = TestObjectSeven.swift; sourceTree = "<group>"; };
		3A0A0D431D3D180300A1608C /* TestObjectSix.swift */ = {isa = PBXFileReference; fileEncoding = 4; lastKnownFileType = sourcecode.swift; path = TestObjectSix.swift; sourceTree = "<group>"; };
		3A0A0D441D3D180300A1608C /* TestObjectTen.swift */ = {isa = PBXFileReference; fileEncoding = 4; lastKnownFileType = sourcecode.swift; path = TestObjectTen.swift; sourceTree = "<group>"; };
		3A0A0D451D3D180300A1608C /* TestObjectThirteen.swift */ = {isa = PBXFileReference; fileEncoding = 4; lastKnownFileType = sourcecode.swift; path = TestObjectThirteen.swift; sourceTree = "<group>"; };
		3A0A0D461D3D180300A1608C /* TestObjectThree.swift */ = {isa = PBXFileReference; fileEncoding = 4; lastKnownFileType = sourcecode.swift; path = TestObjectThree.swift; sourceTree = "<group>"; };
		3A0A0D471D3D180300A1608C /* TestObjectTwelve.swift */ = {isa = PBXFileReference; fileEncoding = 4; lastKnownFileType = sourcecode.swift; path = TestObjectTwelve.swift; sourceTree = "<group>"; };
		3A0A0D481D3D180300A1608C /* TestObjectTwo.swift */ = {isa = PBXFileReference; fileEncoding = 4; lastKnownFileType = sourcecode.swift; path = TestObjectTwo.swift; sourceTree = "<group>"; };
		3A0A0D4A1D3D180300A1608C /* US2ExampleClosureTransformer.swift */ = {isa = PBXFileReference; fileEncoding = 4; lastKnownFileType = sourcecode.swift; path = US2ExampleClosureTransformer.swift; sourceTree = "<group>"; };
		3A0A0D4B1D3D180300A1608C /* US2ExampleEnumTransformer.swift */ = {isa = PBXFileReference; fileEncoding = 4; lastKnownFileType = sourcecode.swift; path = US2ExampleEnumTransformer.swift; sourceTree = "<group>"; };
		3A0A0D4C1D3D180300A1608C /* US2ExampleStructTransformer.swift */ = {isa = PBXFileReference; fileEncoding = 4; lastKnownFileType = sourcecode.swift; path = US2ExampleStructTransformer.swift; sourceTree = "<group>"; };
		3A0A0D4D1D3D180300A1608C /* US2ExampleTupleTransformer.swift */ = {isa = PBXFileReference; fileEncoding = 4; lastKnownFileType = sourcecode.swift; path = US2ExampleTupleTransformer.swift; sourceTree = "<group>"; };
		3A0A0D4E1D3D180300A1608C /* ValueTypeDefinitions.swift */ = {isa = PBXFileReference; fileEncoding = 4; lastKnownFileType = sourcecode.swift; path = ValueTypeDefinitions.swift; sourceTree = "<group>"; };
		3A3EF1DB1D3D0D25003B0527 /* JSONModelKit_iOSTests_JSON.swift */ = {isa = PBXFileReference; lastKnownFileType = sourcecode.swift; path = JSONModelKit_iOSTests_JSON.swift; sourceTree = "<group>"; };
		3A3EF1DD1D3D0D25003B0527 /* Info.plist */ = {isa = PBXFileReference; lastKnownFileType = text.plist.xml; path = Info.plist; sourceTree = "<group>"; };
		3A5AAB8B1D38DADD0001D715 /* JSONModelKit-OSX.app */ = {isa = PBXFileReference; explicitFileType = wrapper.application; includeInIndex = 0; path = "JSONModelKit-OSX.app"; sourceTree = BUILT_PRODUCTS_DIR; };
		3A5AAB8E1D38DADD0001D715 /* AppDelegate.swift */ = {isa = PBXFileReference; lastKnownFileType = sourcecode.swift; path = AppDelegate.swift; sourceTree = "<group>"; };
		3A5AAB901D38DADD0001D715 /* ViewController.swift */ = {isa = PBXFileReference; lastKnownFileType = sourcecode.swift; path = ViewController.swift; sourceTree = "<group>"; };
		3A5AAB921D38DADD0001D715 /* Assets.xcassets */ = {isa = PBXFileReference; lastKnownFileType = folder.assetcatalog; path = Assets.xcassets; sourceTree = "<group>"; };
		3A5AAB951D38DADD0001D715 /* Base */ = {isa = PBXFileReference; lastKnownFileType = file.storyboard; name = Base; path = Base.lproj/Main.storyboard; sourceTree = "<group>"; };
		3A5AAB971D38DADD0001D715 /* Info.plist */ = {isa = PBXFileReference; lastKnownFileType = text.plist.xml; path = Info.plist; sourceTree = "<group>"; };
		3A5AABA11D38DB3A0001D715 /* JSONModelKit-OSXTests.xctest */ = {isa = PBXFileReference; explicitFileType = wrapper.cfbundle; includeInIndex = 0; path = "JSONModelKit-OSXTests.xctest"; sourceTree = BUILT_PRODUCTS_DIR; };
/* End PBXFileReference section */

/* Begin PBXFrameworksBuildPhase section */
		13C6E8141D396BB4000A0B4B /* Frameworks */ = {
			isa = PBXFrameworksBuildPhase;
			buildActionMask = 2147483647;
			files = (
			);
			runOnlyForDeploymentPostprocessing = 0;
		};
		3A5AAB881D38DADD0001D715 /* Frameworks */ = {
			isa = PBXFrameworksBuildPhase;
			buildActionMask = 2147483647;
			files = (
			);
			runOnlyForDeploymentPostprocessing = 0;
		};
		3A5AAB9E1D38DB3A0001D715 /* Frameworks */ = {
			isa = PBXFrameworksBuildPhase;
			buildActionMask = 2147483647;
			files = (
			);
			runOnlyForDeploymentPostprocessing = 0;
		};
/* End PBXFrameworksBuildPhase section */

/* Begin PBXGroup section */
		13C6E8181D396BB4000A0B4B /* JSONModelKit-OSX-JSON-Tests */ = {
			isa = PBXGroup;
			children = (
				13C6E81B1D396BB4000A0B4B /* Info.plist */,
			);
			path = "JSONModelKit-OSX-JSON-Tests";
			sourceTree = "<group>";
		};
		3A0A0CDB1D3D180300A1608C /* Source */ = {
			isa = PBXGroup;
			children = (
				3A0A0CDC1D3D180300A1608C /* JSONModelKit */,
				3A0A0CEC1D3D180300A1608C /* ModelScript */,
			);
			name = Source;
			path = ../../Source;
			sourceTree = "<group>";
		};
		3A0A0CDC1D3D180300A1608C /* JSONModelKit */ = {
			isa = PBXGroup;
			children = (
				3A0A0CDD1D3D180300A1608C /* JMCompoundValueTransformer.swift */,
				3A0A0CDE1D3D180300A1608C /* JSONModelKit.swift */,
				3A0A0CDF1D3D180300A1608C /* Parsers */,
				3A0A0CE81D3D180300A1608C /* Transformer */,
				3A0A0CEA1D3D180300A1608C /* Validator */,
			);
			path = JSONModelKit;
			sourceTree = "<group>";
		};
		3A0A0CDF1D3D180300A1608C /* Parsers */ = {
			isa = PBXGroup;
			children = (
				3A0A0CE01D3D180300A1608C /* CollectionParser.swift */,
				3A0A0CE11D3D180300A1608C /* ComplexTypeParser.swift */,
				3A0A0CE21D3D180300A1608C /* ComplexValueArrayParser.swift */,
				3A0A0CE31D3D180300A1608C /* ComplexValueDictionaryParser.swift */,
				3A0A0CE41D3D180300A1608C /* NativeTypeParser.swift */,
				3A0A0CE51D3D180300A1608C /* NativeValueArrayParser.swift */,
				3A0A0CE61D3D180300A1608C /* NativeValueDictionaryParser.swift */,
				3A0A0CE71D3D180300A1608C /* Parser.swift */,
			);
			path = Parsers;
			sourceTree = "<group>";
		};
		3A0A0CE81D3D180300A1608C /* Transformer */ = {
			isa = PBXGroup;
			children = (
				3A0A0CE91D3D180300A1608C /* Transformer.swift */,
			);
			path = Transformer;
			sourceTree = "<group>";
		};
		3A0A0CEA1D3D180300A1608C /* Validator */ = {
			isa = PBXGroup;
			children = (
				3A0A0CEB1D3D180300A1608C /* Validator.swift */,
			);
			path = Validator;
			sourceTree = "<group>";
		};
		3A0A0CEC1D3D180300A1608C /* ModelScript */ = {
			isa = PBXGroup;
			children = (
				3A0A0CED1D3D180300A1608C /* constants.py */,
				3A0A0CEE1D3D180300A1608C /* external_class_template.txt */,
				3A0A0CEF1D3D180300A1608C /* generator.py */,
				3A0A0CF01D3D180300A1608C /* instantiator.py */,
				3A0A0CF11D3D180300A1608C /* instantiator_template.txt */,
				3A0A0CF21D3D180300A1608C /* internal_class_template.txt */,
				3A0A0CF31D3D180300A1608C /* modelgen-swift.py */,
				3A0A0CF41D3D180300A1608C /* validator.py */,
			);
			path = ModelScript;
			sourceTree = "<group>";
		};
		3A0A0CF51D3D180300A1608C /* Tests */ = {
			isa = PBXGroup;
			children = (
				3A0A0CF61D3D180300A1608C /* Classes */,
				3A0A0D111D3D180300A1608C /* JSONModelKitTests.swift */,
				3A0A0D121D3D180300A1608C /* Mapping */,
				3A0A0D1F1D3D180300A1608C /* Mapping-JSON */,
				3A0A0D2C1D3D180300A1608C /* Model */,
				3A0A0D491D3D180300A1608C /* Test Case Objects */,
			);
			name = Tests;
			path = ../../Tests;
			sourceTree = "<group>";
		};
		3A0A0CF61D3D180300A1608C /* Classes */ = {
			isa = PBXGroup;
			children = (
				3A0A0CF71D3D180300A1608C /* Internal */,
				3A0A0D051D3D180300A1608C /* TestObjectEight.swift */,
				3A0A0D061D3D180300A1608C /* TestObjectEleven.swift */,
				3A0A0D071D3D180300A1608C /* TestObjectFive.swift */,
				3A0A0D081D3D180300A1608C /* TestObjectFour.swift */,
				3A0A0D091D3D180300A1608C /* TestObjectNine.swift */,
				3A0A0D0A1D3D180300A1608C /* TestObjectSeven.swift */,
				3A0A0D0B1D3D180300A1608C /* TestObjectSix.swift */,
				3A0A0D0C1D3D180300A1608C /* TestObjectTen.swift */,
				3A0A0D0D1D3D180300A1608C /* TestObjectThirteen.swift */,
				3A0A0D0E1D3D180300A1608C /* TestObjectThree.swift */,
				3A0A0D0F1D3D180300A1608C /* TestObjectTwelve.swift */,
				3A0A0D101D3D180300A1608C /* TestObjectTwo.swift */,
			);
			path = Classes;
			sourceTree = "<group>";
		};
		3A0A0CF71D3D180300A1608C /* Internal */ = {
			isa = PBXGroup;
			children = (
				3A0A0CF81D3D180300A1608C /* _TestObjectEight.swift */,
				3A0A0CF91D3D180300A1608C /* _TestObjectEleven.swift */,
				3A0A0CFA1D3D180300A1608C /* _TestObjectFive.swift */,
				3A0A0CFB1D3D180300A1608C /* _TestObjectFour.swift */,
				3A0A0CFC1D3D180300A1608C /* _TestObjectNine.swift */,
				3A0A0CFD1D3D180300A1608C /* _TestObjectSeven.swift */,
				3A0A0CFE1D3D180300A1608C /* _TestObjectSix.swift */,
				3A0A0CFF1D3D180300A1608C /* _TestObjectTen.swift */,
				3A0A0D001D3D180300A1608C /* _TestObjectThirteen.swift */,
				3A0A0D011D3D180300A1608C /* _TestObjectThree.swift */,
				3A0A0D021D3D180300A1608C /* _TestObjectTwelve.swift */,
				3A0A0D031D3D180300A1608C /* _TestObjectTwo.swift */,
				3A0A0D041D3D180300A1608C /* JMInstantiator.swift */,
			);
			path = Internal;
			sourceTree = "<group>";
		};
		3A0A0D121D3D180300A1608C /* Mapping */ = {
			isa = PBXGroup;
			children = (
				3A0A0D131D3D180300A1608C /* TestObjectEight.plist */,
				3A0A0D141D3D180300A1608C /* TestObjectEleven.plist */,
				3A0A0D151D3D180300A1608C /* TestObjectFive.plist */,
				3A0A0D161D3D180300A1608C /* TestObjectFour.plist */,
				3A0A0D171D3D180300A1608C /* TestObjectNine.plist */,
				3A0A0D181D3D180300A1608C /* TestObjectSeven.plist */,
				3A0A0D191D3D180300A1608C /* TestObjectSix.plist */,
				3A0A0D1A1D3D180300A1608C /* TestObjectTen.plist */,
				3A0A0D1B1D3D180300A1608C /* TestObjectThirteen.plist */,
				3A0A0D1C1D3D180300A1608C /* TestObjectThree.plist */,
				3A0A0D1D1D3D180300A1608C /* TestObjectTwelve.plist */,
				3A0A0D1E1D3D180300A1608C /* TestObjectTwo.plist */,
			);
			path = Mapping;
			sourceTree = "<group>";
		};
		3A0A0D1F1D3D180300A1608C /* Mapping-JSON */ = {
			isa = PBXGroup;
			children = (
				3A0A0D201D3D180300A1608C /* TestObjectEight.json */,
				3A0A0D211D3D180300A1608C /* TestObjectEleven.json */,
				3A0A0D221D3D180300A1608C /* TestObjectFive.json */,
				3A0A0D231D3D180300A1608C /* TestObjectFour.json */,
				3A0A0D241D3D180300A1608C /* TestObjectNine.json */,
				3A0A0D251D3D180300A1608C /* TestObjectSeven.json */,
				3A0A0D261D3D180300A1608C /* TestObjectSix.json */,
				3A0A0D271D3D180300A1608C /* TestObjectTen.json */,
				3A0A0D281D3D180300A1608C /* TestObjectThirteen.json */,
				3A0A0D291D3D180300A1608C /* TestObjectThree.json */,
				3A0A0D2A1D3D180300A1608C /* TestObjectTwelve.json */,
				3A0A0D2B1D3D180300A1608C /* TestObjectTwo.json */,
			);
			path = "Mapping-JSON";
			sourceTree = "<group>";
		};
		3A0A0D2C1D3D180300A1608C /* Model */ = {
			isa = PBXGroup;
			children = (
				3A0A0D2D1D3D180300A1608C /* Internal */,
				3A0A0D3C1D3D180300A1608C /* TestObjectEight.swift */,
				3A0A0D3D1D3D180300A1608C /* TestObjectEleven.swift */,
				3A0A0D3E1D3D180300A1608C /* TestObjectFive.swift */,
				3A0A0D3F1D3D180300A1608C /* TestObjectFour.swift */,
				3A0A0D401D3D180300A1608C /* TestObjectNine.swift */,
				3A0A0D411D3D180300A1608C /* TestObjectOne.swift */,
				3A0A0D421D3D180300A1608C /* TestObjectSeven.swift */,
				3A0A0D431D3D180300A1608C /* TestObjectSix.swift */,
				3A0A0D441D3D180300A1608C /* TestObjectTen.swift */,
				3A0A0D451D3D180300A1608C /* TestObjectThirteen.swift */,
				3A0A0D461D3D180300A1608C /* TestObjectThree.swift */,
				3A0A0D471D3D180300A1608C /* TestObjectTwelve.swift */,
				3A0A0D481D3D180300A1608C /* TestObjectTwo.swift */,
			);
			path = Model;
			sourceTree = "<group>";
		};
		3A0A0D2D1D3D180300A1608C /* Internal */ = {
			isa = PBXGroup;
			children = (
				3A0A0D2E1D3D180300A1608C /* _TestObjectEight.swift */,
				3A0A0D2F1D3D180300A1608C /* _TestObjectEleven.swift */,
				3A0A0D301D3D180300A1608C /* _TestObjectFive.swift */,
				3A0A0D311D3D180300A1608C /* _TestObjectFour.swift */,
				3A0A0D321D3D180300A1608C /* _TestObjectNine.swift */,
				3A0A0D331D3D180300A1608C /* _TestObjectOne.swift */,
				3A0A0D341D3D180300A1608C /* _TestObjectSeven.swift */,
				3A0A0D351D3D180300A1608C /* _TestObjectSix.swift */,
				3A0A0D361D3D180300A1608C /* _TestObjectTen.swift */,
				3A0A0D371D3D180300A1608C /* _TestObjectThirteen.swift */,
				3A0A0D381D3D180300A1608C /* _TestObjectThree.swift */,
				3A0A0D391D3D180300A1608C /* _TestObjectTwelve.swift */,
				3A0A0D3A1D3D180300A1608C /* _TestObjectTwo.swift */,
				3A0A0D3B1D3D180300A1608C /* JMInstantiator.swift */,
			);
			path = Internal;
			sourceTree = "<group>";
		};
		3A0A0D491D3D180300A1608C /* Test Case Objects */ = {
			isa = PBXGroup;
			children = (
				3A0A0D4A1D3D180300A1608C /* US2ExampleClosureTransformer.swift */,
				3A0A0D4B1D3D180300A1608C /* US2ExampleEnumTransformer.swift */,
				3A0A0D4C1D3D180300A1608C /* US2ExampleStructTransformer.swift */,
				3A0A0D4D1D3D180300A1608C /* US2ExampleTupleTransformer.swift */,
				3A0A0D4E1D3D180300A1608C /* ValueTypeDefinitions.swift */,
			);
			path = "Test Case Objects";
			sourceTree = "<group>";
		};
		3A3EF1DA1D3D0D25003B0527 /* JSONModelKit-iOSTests-JSON */ = {
			isa = PBXGroup;
			children = (
				3A3EF1DB1D3D0D25003B0527 /* JSONModelKit_iOSTests_JSON.swift */,
				3A3EF1DD1D3D0D25003B0527 /* Info.plist */,
			);
			path = "JSONModelKit-iOSTests-JSON";
			sourceTree = "<group>";
		};
		3A5AAB821D38DADD0001D715 = {
			isa = PBXGroup;
			children = (
				3A0A0CDB1D3D180300A1608C /* Source */,
				3A0A0CF51D3D180300A1608C /* Tests */,
				3A5AAB8D1D38DADD0001D715 /* JSONModelKit-OSX */,
				13C6E8181D396BB4000A0B4B /* JSONModelKit-OSX-JSON-Tests */,
				3A3EF1DA1D3D0D25003B0527 /* JSONModelKit-iOSTests-JSON */,
				3A5AAB8C1D38DADD0001D715 /* Products */,
			);
			sourceTree = "<group>";
		};
		3A5AAB8C1D38DADD0001D715 /* Products */ = {
			isa = PBXGroup;
			children = (
				3A5AAB8B1D38DADD0001D715 /* JSONModelKit-OSX.app */,
				3A5AABA11D38DB3A0001D715 /* JSONModelKit-OSXTests.xctest */,
				13C6E8171D396BB4000A0B4B /* JSONModelKit-OSX-JSON-Tests.xctest */,
			);
			name = Products;
			sourceTree = "<group>";
		};
		3A5AAB8D1D38DADD0001D715 /* JSONModelKit-OSX */ = {
			isa = PBXGroup;
			children = (
				3A5AAB8E1D38DADD0001D715 /* AppDelegate.swift */,
				3A5AAB901D38DADD0001D715 /* ViewController.swift */,
				3A5AAB921D38DADD0001D715 /* Assets.xcassets */,
				3A5AAB941D38DADD0001D715 /* Main.storyboard */,
				3A5AAB971D38DADD0001D715 /* Info.plist */,
			);
			path = "JSONModelKit-OSX";
			sourceTree = "<group>";
		};
/* End PBXGroup section */

/* Begin PBXNativeTarget section */
		13C6E8161D396BB4000A0B4B /* JSONModelKit-OSX-JSON-Tests */ = {
			isa = PBXNativeTarget;
			buildConfigurationList = 13C6E81E1D396BB4000A0B4B /* Build configuration list for PBXNativeTarget "JSONModelKit-OSX-JSON-Tests" */;
			buildPhases = (
				13C6E81F1D396BB7000A0B4B /* Rebuild Model JSON */,
				13C6E8131D396BB4000A0B4B /* Sources */,
				13C6E8141D396BB4000A0B4B /* Frameworks */,
				13C6E8151D396BB4000A0B4B /* Resources */,
			);
			buildRules = (
			);
			dependencies = (
			);
			name = "JSONModelKit-OSX-JSON-Tests";
			productName = "JSONModelKit-OSX-JSON-Tests";
			productReference = 13C6E8171D396BB4000A0B4B /* JSONModelKit-OSX-JSON-Tests.xctest */;
			productType = "com.apple.product-type.bundle.unit-test";
		};
		3A5AAB8A1D38DADD0001D715 /* JSONModelKit-OSX */ = {
			isa = PBXNativeTarget;
			buildConfigurationList = 3A5AAB9A1D38DADD0001D715 /* Build configuration list for PBXNativeTarget "JSONModelKit-OSX" */;
			buildPhases = (
				3A5AAB871D38DADD0001D715 /* Sources */,
				3A5AAB881D38DADD0001D715 /* Frameworks */,
				3A5AAB891D38DADD0001D715 /* Resources */,
			);
			buildRules = (
			);
			dependencies = (
			);
			name = "JSONModelKit-OSX";
			productName = "JSONModelKit-OSX";
			productReference = 3A5AAB8B1D38DADD0001D715 /* JSONModelKit-OSX.app */;
			productType = "com.apple.product-type.application";
		};
		3A5AABA01D38DB3A0001D715 /* JSONModelKit-OSXTests */ = {
			isa = PBXNativeTarget;
			buildConfigurationList = 3A5AABAA1D38DB3A0001D715 /* Build configuration list for PBXNativeTarget "JSONModelKit-OSXTests" */;
			buildPhases = (
				3A5AAC4A1D38DBAD0001D715 /* Rebuild Model PLIST */,
				3A5AAB9D1D38DB3A0001D715 /* Sources */,
				3A5AAB9E1D38DB3A0001D715 /* Frameworks */,
				3A5AAB9F1D38DB3A0001D715 /* Resources */,
			);
			buildRules = (
			);
			dependencies = (
				3A5AABA71D38DB3A0001D715 /* PBXTargetDependency */,
			);
			name = "JSONModelKit-OSXTests";
			productName = "JSONModelKit-OSXTests";
			productReference = 3A5AABA11D38DB3A0001D715 /* JSONModelKit-OSXTests.xctest */;
			productType = "com.apple.product-type.bundle.unit-test";
		};
/* End PBXNativeTarget section */

/* Begin PBXProject section */
		3A5AAB831D38DADD0001D715 /* Project object */ = {
			isa = PBXProject;
			attributes = {
				LastSwiftUpdateCheck = 0730;
				LastUpgradeCheck = 0730;
				ORGANIZATIONNAME = "Anton Doudarev";
				TargetAttributes = {
					13C6E8161D396BB4000A0B4B = {
						CreatedOnToolsVersion = 7.3.1;
					};
					3A5AAB8A1D38DADD0001D715 = {
						CreatedOnToolsVersion = 7.3.1;
					};
					3A5AABA01D38DB3A0001D715 = {
						CreatedOnToolsVersion = 7.3.1;
						TestTargetID = 3A5AAB8A1D38DADD0001D715;
					};
				};
			};
			buildConfigurationList = 3A5AAB861D38DADD0001D715 /* Build configuration list for PBXProject "JSONModelKit-OSX" */;
			compatibilityVersion = "Xcode 3.2";
			developmentRegion = English;
			hasScannedForEncodings = 0;
			knownRegions = (
				en,
				Base,
			);
			mainGroup = 3A5AAB821D38DADD0001D715;
			productRefGroup = 3A5AAB8C1D38DADD0001D715 /* Products */;
			projectDirPath = "";
			projectRoot = "";
			targets = (
				3A5AAB8A1D38DADD0001D715 /* JSONModelKit-OSX */,
				3A5AABA01D38DB3A0001D715 /* JSONModelKit-OSXTests */,
				13C6E8161D396BB4000A0B4B /* JSONModelKit-OSX-JSON-Tests */,
			);
		};
/* End PBXProject section */

/* Begin PBXResourcesBuildPhase section */
		13C6E8151D396BB4000A0B4B /* Resources */ = {
			isa = PBXResourcesBuildPhase;
			buildActionMask = 2147483647;
			files = (
				3A0A0DEC1D3D180300A1608C /* TestObjectSix.plist in Resources */,
				3A0A0E101D3D180300A1608C /* TestObjectSix.json in Resources */,
				3A0A0D831D3D180300A1608C /* internal_class_template.txt in Resources */,
				3A0A0D891D3D180300A1608C /* validator.py in Resources */,
				3A0A0DE61D3D180300A1608C /* TestObjectNine.plist in Resources */,
				3A0A0DF21D3D180300A1608C /* TestObjectThirteen.plist in Resources */,
				3A0A0E1C1D3D180300A1608C /* TestObjectTwelve.json in Resources */,
				3A0A0DE01D3D180300A1608C /* TestObjectFive.plist in Resources */,
				3A0A0E071D3D180300A1608C /* TestObjectFour.json in Resources */,
				3A0A0DDA1D3D180300A1608C /* TestObjectEight.plist in Resources */,
				3A0A0E0D1D3D180300A1608C /* TestObjectSeven.json in Resources */,
				3A0A0E1F1D3D180300A1608C /* TestObjectTwo.json in Resources */,
				3A0A0E011D3D180300A1608C /* TestObjectEleven.json in Resources */,
				3A0A0E161D3D180300A1608C /* TestObjectThirteen.json in Resources */,
				3A0A0DF81D3D180300A1608C /* TestObjectTwelve.plist in Resources */,
				3A0A0DE91D3D180300A1608C /* TestObjectSeven.plist in Resources */,
				3A0A0D771D3D180300A1608C /* external_class_template.txt in Resources */,
				3A0A0D7A1D3D180300A1608C /* generator.py in Resources */,
				3A0A0DFE1D3D180300A1608C /* TestObjectEight.json in Resources */,
				3A0A0E191D3D180300A1608C /* TestObjectThree.json in Resources */,
				3A0A0D861D3D180300A1608C /* modelgen-swift.py in Resources */,
				3A0A0D7D1D3D180300A1608C /* instantiator.py in Resources */,
				3A0A0DEF1D3D180300A1608C /* TestObjectTen.plist in Resources */,
				3A0A0DFB1D3D180300A1608C /* TestObjectTwo.plist in Resources */,
				3A0A0E131D3D180300A1608C /* TestObjectTen.json in Resources */,
				3A0A0D741D3D180300A1608C /* constants.py in Resources */,
				3A0A0DF51D3D180300A1608C /* TestObjectThree.plist in Resources */,
				3A0A0E0A1D3D180300A1608C /* TestObjectNine.json in Resources */,
				3A0A0DE31D3D180300A1608C /* TestObjectFour.plist in Resources */,
				3A0A0E041D3D180300A1608C /* TestObjectFive.json in Resources */,
				3A0A0DDD1D3D180300A1608C /* TestObjectEleven.plist in Resources */,
				3A0A0D801D3D180300A1608C /* instantiator_template.txt in Resources */,
			);
			runOnlyForDeploymentPostprocessing = 0;
		};
		3A5AAB891D38DADD0001D715 /* Resources */ = {
			isa = PBXResourcesBuildPhase;
			buildActionMask = 2147483647;
			files = (
				3A5AAB931D38DADD0001D715 /* Assets.xcassets in Resources */,
				3A5AAB961D38DADD0001D715 /* Main.storyboard in Resources */,
			);
			runOnlyForDeploymentPostprocessing = 0;
		};
		3A5AAB9F1D38DB3A0001D715 /* Resources */ = {
			isa = PBXResourcesBuildPhase;
			buildActionMask = 2147483647;
			files = (
				3A0A0DEB1D3D180300A1608C /* TestObjectSix.plist in Resources */,
				3A0A0E0F1D3D180300A1608C /* TestObjectSix.json in Resources */,
				3A0A0D821D3D180300A1608C /* internal_class_template.txt in Resources */,
				3A0A0D881D3D180300A1608C /* validator.py in Resources */,
				3A0A0DE51D3D180300A1608C /* TestObjectNine.plist in Resources */,
				3A0A0DF11D3D180300A1608C /* TestObjectThirteen.plist in Resources */,
				3A0A0E1B1D3D180300A1608C /* TestObjectTwelve.json in Resources */,
				3A0A0DDF1D3D180300A1608C /* TestObjectFive.plist in Resources */,
				3A0A0E061D3D180300A1608C /* TestObjectFour.json in Resources */,
				3A0A0DD91D3D180300A1608C /* TestObjectEight.plist in Resources */,
				3A0A0E0C1D3D180300A1608C /* TestObjectSeven.json in Resources */,
				3A0A0E1E1D3D180300A1608C /* TestObjectTwo.json in Resources */,
				3A0A0E001D3D180300A1608C /* TestObjectEleven.json in Resources */,
				3A0A0E151D3D180300A1608C /* TestObjectThirteen.json in Resources */,
				3A0A0DF71D3D180300A1608C /* TestObjectTwelve.plist in Resources */,
				3A0A0DE81D3D180300A1608C /* TestObjectSeven.plist in Resources */,
				3A0A0D761D3D180300A1608C /* external_class_template.txt in Resources */,
				3A0A0D791D3D180300A1608C /* generator.py in Resources */,
				3A0A0DFD1D3D180300A1608C /* TestObjectEight.json in Resources */,
				3A0A0E181D3D180300A1608C /* TestObjectThree.json in Resources */,
				3A0A0D851D3D180300A1608C /* modelgen-swift.py in Resources */,
				3A0A0D7C1D3D180300A1608C /* instantiator.py in Resources */,
				3A0A0DEE1D3D180300A1608C /* TestObjectTen.plist in Resources */,
				3A0A0DFA1D3D180300A1608C /* TestObjectTwo.plist in Resources */,
				3A0A0E121D3D180300A1608C /* TestObjectTen.json in Resources */,
				3A0A0D731D3D180300A1608C /* constants.py in Resources */,
				3A0A0DF41D3D180300A1608C /* TestObjectThree.plist in Resources */,
				3A0A0E091D3D180300A1608C /* TestObjectNine.json in Resources */,
				3A0A0DE21D3D180300A1608C /* TestObjectFour.plist in Resources */,
				3A0A0E031D3D180300A1608C /* TestObjectFive.json in Resources */,
				3A0A0DDC1D3D180300A1608C /* TestObjectEleven.plist in Resources */,
				3A0A0D7F1D3D180300A1608C /* instantiator_template.txt in Resources */,
			);
			runOnlyForDeploymentPostprocessing = 0;
		};
/* End PBXResourcesBuildPhase section */

/* Begin PBXShellScriptBuildPhase section */
		13C6E81F1D396BB7000A0B4B /* Rebuild Model JSON */ = {
			isa = PBXShellScriptBuildPhase;
			buildActionMask = 2147483647;
			files = (
			);
			inputPaths = (
			);
			name = "Rebuild Model JSON";
			outputPaths = (
			);
			runOnlyForDeploymentPostprocessing = 0;
			shellPath = /bin/sh;
			shellScript = "SCRIPT_LOCATION=$PROJECT_DIR/../../Source/ModelScript/modelgen-swift.py\nPROJ_DIR=$PROJECT_DIR/\nMAPPING_DIR=$PROJ_DIR/../../Tests/Mapping/\nMODEL_DIR=$PROJ_DIR/../../Tests/Model/\npython $SCRIPT_LOCATION -v 0.8 -i $MAPPING_DIR -o $MODEL_DIR -t 1";
		};
		3A5AAC4A1D38DBAD0001D715 /* Rebuild Model PLIST */ = {
			isa = PBXShellScriptBuildPhase;
			buildActionMask = 2147483647;
			files = (
			);
			inputPaths = (
			);
			name = "Rebuild Model PLIST";
			outputPaths = (
			);
			runOnlyForDeploymentPostprocessing = 0;
			shellPath = /bin/sh;
			shellScript = "SCRIPT_LOCATION=$PROJECT_DIR/../../Source/ModelScript/modelgen-swift.py\nPROJ_DIR=$PROJECT_DIR/\nMAPPING_DIR=$PROJ_DIR/../../Tests/Mapping/\nMODEL_DIR=$PROJ_DIR/../../Tests/Model/\npython $SCRIPT_LOCATION -v 0.8 -i $MAPPING_DIR -o $MODEL_DIR -t 1 -f plist";
		};
/* End PBXShellScriptBuildPhase section */

/* Begin PBXSourcesBuildPhase section */
		13C6E8131D396BB4000A0B4B /* Sources */ = {
			isa = PBXSourcesBuildPhase;
			buildActionMask = 2147483647;
			files = (
				3A0A0DB31D3D180300A1608C /* TestObjectEight.swift in Sources */,
				3A0A0E4F1D3D180300A1608C /* TestObjectEleven.swift in Sources */,
				3A0A0DB61D3D180300A1608C /* TestObjectEleven.swift in Sources */,
				3A0A0D6E1D3D180300A1608C /* Transformer.swift in Sources */,
				3A0A0DAA1D3D180300A1608C /* _TestObjectTwelve.swift in Sources */,
				3A0A0E671D3D180300A1608C /* TestObjectThirteen.swift in Sources */,
				3A0A0D561D3D180300A1608C /* CollectionParser.swift in Sources */,
				3A0A0E221D3D180300A1608C /* _TestObjectEight.swift in Sources */,
				3A0A0E2E1D3D180300A1608C /* _TestObjectNine.swift in Sources */,
				3A0A0D951D3D180300A1608C /* _TestObjectFour.swift in Sources */,
				3A0A0E761D3D180300A1608C /* US2ExampleEnumTransformer.swift in Sources */,
				3A0A0E251D3D180300A1608C /* _TestObjectEleven.swift in Sources */,
				3A0A0E7C1D3D180300A1608C /* US2ExampleTupleTransformer.swift in Sources */,
				3A0A0E461D3D180300A1608C /* _TestObjectTwo.swift in Sources */,
				3A0A0D921D3D180300A1608C /* _TestObjectFive.swift in Sources */,
				3A0A0DA11D3D180300A1608C /* _TestObjectTen.swift in Sources */,
				3A0A0D9E1D3D180300A1608C /* _TestObjectSix.swift in Sources */,
				3A0A0DCE1D3D180300A1608C /* TestObjectThree.swift in Sources */,
				3A0A0DC81D3D180300A1608C /* TestObjectTen.swift in Sources */,
				3A0A0D591D3D180300A1608C /* ComplexTypeParser.swift in Sources */,
				3A0A0D6B1D3D180300A1608C /* Parser.swift in Sources */,
				3A0A0DD41D3D180300A1608C /* TestObjectTwo.swift in Sources */,
				3A0A0E7F1D3D180300A1608C /* ValueTypeDefinitions.swift in Sources */,
				3A0A0E4C1D3D180300A1608C /* TestObjectEight.swift in Sources */,
				3A0A0D711D3D180300A1608C /* Validator.swift in Sources */,
				3A0A0DA71D3D180300A1608C /* _TestObjectThree.swift in Sources */,
				3A0A0E6A1D3D180300A1608C /* TestObjectThree.swift in Sources */,
				3A0A0E401D3D180300A1608C /* _TestObjectThree.swift in Sources */,
				3A0A0E311D3D180300A1608C /* _TestObjectOne.swift in Sources */,
				3A0A0E521D3D180300A1608C /* TestObjectFive.swift in Sources */,
				3A0A0D8C1D3D180300A1608C /* _TestObjectEight.swift in Sources */,
				3A0A0DB01D3D180300A1608C /* JMInstantiator.swift in Sources */,
				3A0A0D531D3D180300A1608C /* JSONModelKit.swift in Sources */,
				3A0A0DBF1D3D180300A1608C /* TestObjectNine.swift in Sources */,
				3A0A0E6D1D3D180300A1608C /* TestObjectTwelve.swift in Sources */,
				3A0A0D5F1D3D180300A1608C /* ComplexValueDictionaryParser.swift in Sources */,
				3A0A0E341D3D180300A1608C /* _TestObjectSeven.swift in Sources */,
				3A0A0D621D3D180300A1608C /* NativeTypeParser.swift in Sources */,
				3A0A0DAD1D3D180300A1608C /* _TestObjectTwo.swift in Sources */,
				3A0A0E5E1D3D180300A1608C /* TestObjectSeven.swift in Sources */,
				3A0A0D501D3D180300A1608C /* JMCompoundValueTransformer.swift in Sources */,
				3A0A0E3D1D3D180300A1608C /* _TestObjectThirteen.swift in Sources */,
				3A0A0DBC1D3D180300A1608C /* TestObjectFour.swift in Sources */,
				3A0A0DB91D3D180300A1608C /* TestObjectFive.swift in Sources */,
				3A0A0E431D3D180300A1608C /* _TestObjectTwelve.swift in Sources */,
				3A0A0DA41D3D180300A1608C /* _TestObjectThirteen.swift in Sources */,
				3A0A0D681D3D180300A1608C /* NativeValueDictionaryParser.swift in Sources */,
				3A0A0E641D3D180300A1608C /* TestObjectTen.swift in Sources */,
				3A0A0E371D3D180300A1608C /* _TestObjectSix.swift in Sources */,
				3A0A0E491D3D180300A1608C /* JMInstantiator.swift in Sources */,
				3A0A0E551D3D180300A1608C /* TestObjectFour.swift in Sources */,
				3A0A0E5B1D3D180300A1608C /* TestObjectOne.swift in Sources */,
				3A0A0E611D3D180300A1608C /* TestObjectSix.swift in Sources */,
				3A0A0E3A1D3D180300A1608C /* _TestObjectTen.swift in Sources */,
				3A0A0DD11D3D180300A1608C /* TestObjectTwelve.swift in Sources */,
				3A0A0DC51D3D180300A1608C /* TestObjectSix.swift in Sources */,
				3A0A0E581D3D180300A1608C /* TestObjectNine.swift in Sources */,
				3A0A0E281D3D180300A1608C /* _TestObjectFive.swift in Sources */,
				3A0A0D5C1D3D180300A1608C /* ComplexValueArrayParser.swift in Sources */,
				3A0A0D651D3D180300A1608C /* NativeValueArrayParser.swift in Sources */,
				3A0A0D8F1D3D180300A1608C /* _TestObjectEleven.swift in Sources */,
				3A0A0D9B1D3D180300A1608C /* _TestObjectSeven.swift in Sources */,
				3A0A0E731D3D180300A1608C /* US2ExampleClosureTransformer.swift in Sources */,
				3A0A0DCB1D3D180300A1608C /* TestObjectThirteen.swift in Sources */,
				3A0A0E2B1D3D180300A1608C /* _TestObjectFour.swift in Sources */,
				3A0A0D981D3D180300A1608C /* _TestObjectNine.swift in Sources */,
				3A0A0DD71D3D180300A1608C /* JSONModelKitTests.swift in Sources */,
				3A0A0DC21D3D180300A1608C /* TestObjectSeven.swift in Sources */,
				3A0A0E791D3D180300A1608C /* US2ExampleStructTransformer.swift in Sources */,
				3A0A0E701D3D180300A1608C /* TestObjectTwo.swift in Sources */,
			);
			runOnlyForDeploymentPostprocessing = 0;
		};
		3A5AAB871D38DADD0001D715 /* Sources */ = {
			isa = PBXSourcesBuildPhase;
			buildActionMask = 2147483647;
			files = (
				3A5AAB911D38DADD0001D715 /* ViewController.swift in Sources */,
				3A5AAB8F1D38DADD0001D715 /* AppDelegate.swift in Sources */,
			);
			runOnlyForDeploymentPostprocessing = 0;
		};
		3A5AAB9D1D38DB3A0001D715 /* Sources */ = {
			isa = PBXSourcesBuildPhase;
			buildActionMask = 2147483647;
			files = (
				3A0A0DB21D3D180300A1608C /* TestObjectEight.swift in Sources */,
				3A0A0E4E1D3D180300A1608C /* TestObjectEleven.swift in Sources */,
				3A0A0DB51D3D180300A1608C /* TestObjectEleven.swift in Sources */,
				3A0A0D6D1D3D180300A1608C /* Transformer.swift in Sources */,
				3A0A0DA91D3D180300A1608C /* _TestObjectTwelve.swift in Sources */,
				3A0A0E661D3D180300A1608C /* TestObjectThirteen.swift in Sources */,
				3A0A0D551D3D180300A1608C /* CollectionParser.swift in Sources */,
				3A0A0E211D3D180300A1608C /* _TestObjectEight.swift in Sources */,
				3A0A0E2D1D3D180300A1608C /* _TestObjectNine.swift in Sources */,
				3A0A0D941D3D180300A1608C /* _TestObjectFour.swift in Sources */,
				3A0A0E751D3D180300A1608C /* US2ExampleEnumTransformer.swift in Sources */,
				3A0A0E241D3D180300A1608C /* _TestObjectEleven.swift in Sources */,
				3A0A0E7B1D3D180300A1608C /* US2ExampleTupleTransformer.swift in Sources */,
				3A0A0E451D3D180300A1608C /* _TestObjectTwo.swift in Sources */,
				3A0A0D911D3D180300A1608C /* _TestObjectFive.swift in Sources */,
				3A0A0DA01D3D180300A1608C /* _TestObjectTen.swift in Sources */,
				3A0A0D9D1D3D180300A1608C /* _TestObjectSix.swift in Sources */,
				3A0A0DCD1D3D180300A1608C /* TestObjectThree.swift in Sources */,
				3A0A0DC71D3D180300A1608C /* TestObjectTen.swift in Sources */,
				3A0A0D581D3D180300A1608C /* ComplexTypeParser.swift in Sources */,
				3A0A0D6A1D3D180300A1608C /* Parser.swift in Sources */,
				3A0A0DD31D3D180300A1608C /* TestObjectTwo.swift in Sources */,
				3A0A0E7E1D3D180300A1608C /* ValueTypeDefinitions.swift in Sources */,
				3A0A0E4B1D3D180300A1608C /* TestObjectEight.swift in Sources */,
				3A0A0D701D3D180300A1608C /* Validator.swift in Sources */,
				3A0A0DA61D3D180300A1608C /* _TestObjectThree.swift in Sources */,
				3A0A0E691D3D180300A1608C /* TestObjectThree.swift in Sources */,
				3A0A0E3F1D3D180300A1608C /* _TestObjectThree.swift in Sources */,
				3A0A0E301D3D180300A1608C /* _TestObjectOne.swift in Sources */,
				3A0A0E511D3D180300A1608C /* TestObjectFive.swift in Sources */,
				3A0A0D8B1D3D180300A1608C /* _TestObjectEight.swift in Sources */,
				3A0A0DAF1D3D180300A1608C /* JMInstantiator.swift in Sources */,
				3A0A0D521D3D180300A1608C /* JSONModelKit.swift in Sources */,
				3A0A0DBE1D3D180300A1608C /* TestObjectNine.swift in Sources */,
				3A0A0E6C1D3D180300A1608C /* TestObjectTwelve.swift in Sources */,
				3A0A0D5E1D3D180300A1608C /* ComplexValueDictionaryParser.swift in Sources */,
				3A0A0E331D3D180300A1608C /* _TestObjectSeven.swift in Sources */,
				3A0A0D611D3D180300A1608C /* NativeTypeParser.swift in Sources */,
				3A0A0DAC1D3D180300A1608C /* _TestObjectTwo.swift in Sources */,
				3A0A0E5D1D3D180300A1608C /* TestObjectSeven.swift in Sources */,
				3A0A0D4F1D3D180300A1608C /* JMCompoundValueTransformer.swift in Sources */,
				3A0A0E3C1D3D180300A1608C /* _TestObjectThirteen.swift in Sources */,
				3A0A0DBB1D3D180300A1608C /* TestObjectFour.swift in Sources */,
				3A0A0DB81D3D180300A1608C /* TestObjectFive.swift in Sources */,
				3A0A0E421D3D180300A1608C /* _TestObjectTwelve.swift in Sources */,
				3A0A0DA31D3D180300A1608C /* _TestObjectThirteen.swift in Sources */,
				3A0A0D671D3D180300A1608C /* NativeValueDictionaryParser.swift in Sources */,
				3A0A0E631D3D180300A1608C /* TestObjectTen.swift in Sources */,
				3A0A0E361D3D180300A1608C /* _TestObjectSix.swift in Sources */,
				3A0A0E481D3D180300A1608C /* JMInstantiator.swift in Sources */,
				3A0A0E541D3D180300A1608C /* TestObjectFour.swift in Sources */,
				3A0A0E5A1D3D180300A1608C /* TestObjectOne.swift in Sources */,
				3A0A0E601D3D180300A1608C /* TestObjectSix.swift in Sources */,
				3A0A0E391D3D180300A1608C /* _TestObjectTen.swift in Sources */,
				3A0A0DD01D3D180300A1608C /* TestObjectTwelve.swift in Sources */,
				3A0A0DC41D3D180300A1608C /* TestObjectSix.swift in Sources */,
				3A0A0E571D3D180300A1608C /* TestObjectNine.swift in Sources */,
				3A0A0E271D3D180300A1608C /* _TestObjectFive.swift in Sources */,
				3A0A0D5B1D3D180300A1608C /* ComplexValueArrayParser.swift in Sources */,
				3A0A0D641D3D180300A1608C /* NativeValueArrayParser.swift in Sources */,
				3A0A0D8E1D3D180300A1608C /* _TestObjectEleven.swift in Sources */,
				3A0A0D9A1D3D180300A1608C /* _TestObjectSeven.swift in Sources */,
				3A0A0E721D3D180300A1608C /* US2ExampleClosureTransformer.swift in Sources */,
				3A0A0DCA1D3D180300A1608C /* TestObjectThirteen.swift in Sources */,
				3A0A0E2A1D3D180300A1608C /* _TestObjectFour.swift in Sources */,
				3A0A0D971D3D180300A1608C /* _TestObjectNine.swift in Sources */,
				3A0A0DD61D3D180300A1608C /* JSONModelKitTests.swift in Sources */,
				3A0A0DC11D3D180300A1608C /* TestObjectSeven.swift in Sources */,
				3A0A0E781D3D180300A1608C /* US2ExampleStructTransformer.swift in Sources */,
				3A0A0E6F1D3D180300A1608C /* TestObjectTwo.swift in Sources */,
			);
			runOnlyForDeploymentPostprocessing = 0;
		};
/* End PBXSourcesBuildPhase section */

/* Begin PBXTargetDependency section */
		3A5AABA71D38DB3A0001D715 /* PBXTargetDependency */ = {
			isa = PBXTargetDependency;
			target = 3A5AAB8A1D38DADD0001D715 /* JSONModelKit-OSX */;
			targetProxy = 3A5AABA61D38DB3A0001D715 /* PBXContainerItemProxy */;
		};
/* End PBXTargetDependency section */

/* Begin PBXVariantGroup section */
		3A5AAB941D38DADD0001D715 /* Main.storyboard */ = {
			isa = PBXVariantGroup;
			children = (
				3A5AAB951D38DADD0001D715 /* Base */,
			);
			name = Main.storyboard;
			sourceTree = "<group>";
		};
/* End PBXVariantGroup section */

/* Begin XCBuildConfiguration section */
		13C6E81C1D396BB4000A0B4B /* Debug */ = {
			isa = XCBuildConfiguration;
			buildSettings = {
				"CODE_SIGN_IDENTITY[sdk=iphoneos*]" = "iPhone Developer";
				INFOPLIST_FILE = "JSONModelKit-OSX-JSON-Tests/Info.plist";
				IPHONEOS_DEPLOYMENT_TARGET = 9.3;
				LD_RUNPATH_SEARCH_PATHS = "$(inherited) @executable_path/Frameworks @loader_path/Frameworks";
				PRODUCT_BUNDLE_IDENTIFIER = "com.iagd.jsonmodelkit.JSONModelKit-OSX-JSON-Tests";
				PRODUCT_NAME = "$(TARGET_NAME)";
				SDKROOT = iphoneos;
			};
			name = Debug;
		};
		13C6E81D1D396BB4000A0B4B /* Release */ = {
			isa = XCBuildConfiguration;
			buildSettings = {
				"CODE_SIGN_IDENTITY[sdk=iphoneos*]" = "iPhone Developer";
				INFOPLIST_FILE = "JSONModelKit-OSX-JSON-Tests/Info.plist";
				IPHONEOS_DEPLOYMENT_TARGET = 9.3;
				LD_RUNPATH_SEARCH_PATHS = "$(inherited) @executable_path/Frameworks @loader_path/Frameworks";
				PRODUCT_BUNDLE_IDENTIFIER = "com.iagd.jsonmodelkit.JSONModelKit-OSX-JSON-Tests";
				PRODUCT_NAME = "$(TARGET_NAME)";
				SDKROOT = iphoneos;
				VALIDATE_PRODUCT = YES;
			};
			name = Release;
		};
		3A5AAB981D38DADD0001D715 /* Debug */ = {
			isa = XCBuildConfiguration;
			buildSettings = {
				ALWAYS_SEARCH_USER_PATHS = NO;
				CLANG_ANALYZER_NONNULL = YES;
				CLANG_CXX_LANGUAGE_STANDARD = "gnu++0x";
				CLANG_CXX_LIBRARY = "libc++";
				CLANG_ENABLE_MODULES = YES;
				CLANG_ENABLE_OBJC_ARC = YES;
				CLANG_WARN_BOOL_CONVERSION = YES;
				CLANG_WARN_CONSTANT_CONVERSION = YES;
				CLANG_WARN_DIRECT_OBJC_ISA_USAGE = YES_ERROR;
				CLANG_WARN_EMPTY_BODY = YES;
				CLANG_WARN_ENUM_CONVERSION = YES;
				CLANG_WARN_INT_CONVERSION = YES;
				CLANG_WARN_OBJC_ROOT_CLASS = YES_ERROR;
				CLANG_WARN_UNREACHABLE_CODE = YES;
				CLANG_WARN__DUPLICATE_METHOD_MATCH = YES;
				CODE_SIGN_IDENTITY = "-";
				COPY_PHASE_STRIP = NO;
				DEBUG_INFORMATION_FORMAT = dwarf;
				ENABLE_STRICT_OBJC_MSGSEND = YES;
				ENABLE_TESTABILITY = YES;
				GCC_C_LANGUAGE_STANDARD = gnu99;
				GCC_DYNAMIC_NO_PIC = NO;
				GCC_NO_COMMON_BLOCKS = YES;
				GCC_OPTIMIZATION_LEVEL = 0;
				GCC_PREPROCESSOR_DEFINITIONS = (
					"DEBUG=1",
					"$(inherited)",
				);
				GCC_WARN_64_TO_32_BIT_CONVERSION = YES;
				GCC_WARN_ABOUT_RETURN_TYPE = YES_ERROR;
				GCC_WARN_UNDECLARED_SELECTOR = YES;
				GCC_WARN_UNINITIALIZED_AUTOS = YES_AGGRESSIVE;
				GCC_WARN_UNUSED_FUNCTION = YES;
				GCC_WARN_UNUSED_VARIABLE = YES;
				MACOSX_DEPLOYMENT_TARGET = 10.11;
				MTL_ENABLE_DEBUG_INFO = YES;
				ONLY_ACTIVE_ARCH = YES;
				SDKROOT = macosx;
				SWIFT_OPTIMIZATION_LEVEL = "-Onone";
			};
			name = Debug;
		};
		3A5AAB991D38DADD0001D715 /* Release */ = {
			isa = XCBuildConfiguration;
			buildSettings = {
				ALWAYS_SEARCH_USER_PATHS = NO;
				CLANG_ANALYZER_NONNULL = YES;
				CLANG_CXX_LANGUAGE_STANDARD = "gnu++0x";
				CLANG_CXX_LIBRARY = "libc++";
				CLANG_ENABLE_MODULES = YES;
				CLANG_ENABLE_OBJC_ARC = YES;
				CLANG_WARN_BOOL_CONVERSION = YES;
				CLANG_WARN_CONSTANT_CONVERSION = YES;
				CLANG_WARN_DIRECT_OBJC_ISA_USAGE = YES_ERROR;
				CLANG_WARN_EMPTY_BODY = YES;
				CLANG_WARN_ENUM_CONVERSION = YES;
				CLANG_WARN_INT_CONVERSION = YES;
				CLANG_WARN_OBJC_ROOT_CLASS = YES_ERROR;
				CLANG_WARN_UNREACHABLE_CODE = YES;
				CLANG_WARN__DUPLICATE_METHOD_MATCH = YES;
				CODE_SIGN_IDENTITY = "-";
				COPY_PHASE_STRIP = NO;
				DEBUG_INFORMATION_FORMAT = "dwarf-with-dsym";
				ENABLE_NS_ASSERTIONS = NO;
				ENABLE_STRICT_OBJC_MSGSEND = YES;
				GCC_C_LANGUAGE_STANDARD = gnu99;
				GCC_NO_COMMON_BLOCKS = YES;
				GCC_WARN_64_TO_32_BIT_CONVERSION = YES;
				GCC_WARN_ABOUT_RETURN_TYPE = YES_ERROR;
				GCC_WARN_UNDECLARED_SELECTOR = YES;
				GCC_WARN_UNINITIALIZED_AUTOS = YES_AGGRESSIVE;
				GCC_WARN_UNUSED_FUNCTION = YES;
				GCC_WARN_UNUSED_VARIABLE = YES;
				MACOSX_DEPLOYMENT_TARGET = 10.11;
				MTL_ENABLE_DEBUG_INFO = NO;
				SDKROOT = macosx;
			};
			name = Release;
		};
		3A5AAB9B1D38DADD0001D715 /* Debug */ = {
			isa = XCBuildConfiguration;
			buildSettings = {
				ASSETCATALOG_COMPILER_APPICON_NAME = AppIcon;
				COMBINE_HIDPI_IMAGES = YES;
				INFOPLIST_FILE = "JSONModelKit-OSX/Info.plist";
				LD_RUNPATH_SEARCH_PATHS = "$(inherited) @executable_path/../Frameworks";
				PRODUCT_BUNDLE_IDENTIFIER = "com.iagd.jsonmodelkit-osx.JSONModelKit-OSX";
				PRODUCT_NAME = "$(TARGET_NAME)";
			};
			name = Debug;
		};
		3A5AAB9C1D38DADD0001D715 /* Release */ = {
			isa = XCBuildConfiguration;
			buildSettings = {
				ASSETCATALOG_COMPILER_APPICON_NAME = AppIcon;
				COMBINE_HIDPI_IMAGES = YES;
				INFOPLIST_FILE = "JSONModelKit-OSX/Info.plist";
				LD_RUNPATH_SEARCH_PATHS = "$(inherited) @executable_path/../Frameworks";
				PRODUCT_BUNDLE_IDENTIFIER = "com.iagd.jsonmodelkit-osx.JSONModelKit-OSX";
				PRODUCT_NAME = "$(TARGET_NAME)";
			};
			name = Release;
		};
		3A5AABA81D38DB3A0001D715 /* Debug */ = {
			isa = XCBuildConfiguration;
			buildSettings = {
				BUNDLE_LOADER = "$(TEST_HOST)";
				COMBINE_HIDPI_IMAGES = YES;
				INFOPLIST_FILE = "JSONModelKit-OSXTests/Info.plist";
				LD_RUNPATH_SEARCH_PATHS = "$(inherited) @executable_path/../Frameworks @loader_path/../Frameworks";
				PRODUCT_BUNDLE_IDENTIFIER = "com.iagd.jsonmodelkit-osx.JSONModelKit-OSXTests";
				PRODUCT_NAME = "$(TARGET_NAME)";
				TEST_HOST = "$(BUILT_PRODUCTS_DIR)/JSONModelKit-OSX.app/Contents/MacOS/JSONModelKit-OSX";
			};
			name = Debug;
		};
		3A5AABA91D38DB3A0001D715 /* Release */ = {
			isa = XCBuildConfiguration;
			buildSettings = {
				BUNDLE_LOADER = "$(TEST_HOST)";
				COMBINE_HIDPI_IMAGES = YES;
				INFOPLIST_FILE = "JSONModelKit-OSXTests/Info.plist";
				LD_RUNPATH_SEARCH_PATHS = "$(inherited) @executable_path/../Frameworks @loader_path/../Frameworks";
				PRODUCT_BUNDLE_IDENTIFIER = "com.iagd.jsonmodelkit-osx.JSONModelKit-OSXTests";
				PRODUCT_NAME = "$(TARGET_NAME)";
				TEST_HOST = "$(BUILT_PRODUCTS_DIR)/JSONModelKit-OSX.app/Contents/MacOS/JSONModelKit-OSX";
			};
			name = Release;
		};
/* End XCBuildConfiguration section */

/* Begin XCConfigurationList section */
		13C6E81E1D396BB4000A0B4B /* Build configuration list for PBXNativeTarget "JSONModelKit-OSX-JSON-Tests" */ = {
			isa = XCConfigurationList;
			buildConfigurations = (
				13C6E81C1D396BB4000A0B4B /* Debug */,
				13C6E81D1D396BB4000A0B4B /* Release */,
			);
			defaultConfigurationIsVisible = 0;
			defaultConfigurationName = Release;
		};
		3A5AAB861D38DADD0001D715 /* Build configuration list for PBXProject "JSONModelKit-OSX" */ = {
			isa = XCConfigurationList;
			buildConfigurations = (
				3A5AAB981D38DADD0001D715 /* Debug */,
				3A5AAB991D38DADD0001D715 /* Release */,
			);
			defaultConfigurationIsVisible = 0;
			defaultConfigurationName = Release;
		};
		3A5AAB9A1D38DADD0001D715 /* Build configuration list for PBXNativeTarget "JSONModelKit-OSX" */ = {
			isa = XCConfigurationList;
			buildConfigurations = (
				3A5AAB9B1D38DADD0001D715 /* Debug */,
				3A5AAB9C1D38DADD0001D715 /* Release */,
			);
			defaultConfigurationIsVisible = 0;
			defaultConfigurationName = Release;
		};
		3A5AABAA1D38DB3A0001D715 /* Build configuration list for PBXNativeTarget "JSONModelKit-OSXTests" */ = {
			isa = XCConfigurationList;
			buildConfigurations = (
				3A5AABA81D38DB3A0001D715 /* Debug */,
				3A5AABA91D38DB3A0001D715 /* Release */,
			);
			defaultConfigurationIsVisible = 0;
			defaultConfigurationName = Release;
		};
/* End XCConfigurationList section */
	};
	rootObject = 3A5AAB831D38DADD0001D715 /* Project object */;
}
